// !$*UTF8*$!
{
	archiveVersion = 1;
	classes = {
	};
	objectVersion = 55;
	objects = {

/* Begin PBXBuildFile section */
		ACBF583627EB71AD006F021A /* DadJokesApp.swift in Sources */ = {isa = PBXBuildFile; fileRef = ACBF583527EB71AD006F021A /* DadJokesApp.swift */; };
		ACBF583A27EB71AF006F021A /* Assets.xcassets in Resources */ = {isa = PBXBuildFile; fileRef = ACBF583927EB71AF006F021A /* Assets.xcassets */; };
		ACBF583D27EB71AF006F021A /* Preview Assets.xcassets in Resources */ = {isa = PBXBuildFile; fileRef = ACBF583C27EB71AF006F021A /* Preview Assets.xcassets */; };
		CF09F36E2860C24900AFDBA6 /* CommonResources.swift in Sources */ = {isa = PBXBuildFile; fileRef = CF09F36D2860C24900AFDBA6 /* CommonResources.swift */; };
		CF210EE828450FD000C1D35D /* AppViewProvider.swift in Sources */ = {isa = PBXBuildFile; fileRef = CF210EE728450FD000C1D35D /* AppViewProvider.swift */; };
		CF210EEA284510CF00C1D35D /* ViewProvider.swift in Sources */ = {isa = PBXBuildFile; fileRef = CF210EE9284510CF00C1D35D /* ViewProvider.swift */; };
		CF210EF02845144000C1D35D /* FavoritesViewProvider.swift in Sources */ = {isa = PBXBuildFile; fileRef = CF210EEF2845144000C1D35D /* FavoritesViewProvider.swift */; };
		CF210EF22845147F00C1D35D /* RandomJokeViewProvider.swift in Sources */ = {isa = PBXBuildFile; fileRef = CF210EF12845147F00C1D35D /* RandomJokeViewProvider.swift */; };
		CF30ECB9283FBA190036ABA0 /* DashboardView.swift in Sources */ = {isa = PBXBuildFile; fileRef = CF30ECB8283FBA190036ABA0 /* DashboardView.swift */; };
		CF30ECBB283FBA290036ABA0 /* DashboardViewModel.swift in Sources */ = {isa = PBXBuildFile; fileRef = CF30ECBA283FBA290036ABA0 /* DashboardViewModel.swift */; };
		CF30ECBF283FBFC00036ABA0 /* FavoritesView.swift in Sources */ = {isa = PBXBuildFile; fileRef = CF30ECBE283FBFC00036ABA0 /* FavoritesView.swift */; };
		CF30ECC3283FBFE50036ABA0 /* RandomJokeView.swift in Sources */ = {isa = PBXBuildFile; fileRef = CF30ECC2283FBFE50036ABA0 /* RandomJokeView.swift */; };
		CF30ECC6283FCBBC0036ABA0 /* View+Extensions.swift in Sources */ = {isa = PBXBuildFile; fileRef = CF30ECC5283FCBBC0036ABA0 /* View+Extensions.swift */; };
		CF30ECCA2840E3460036ABA0 /* DashboardMenuListItem.swift in Sources */ = {isa = PBXBuildFile; fileRef = CF30ECC92840E3460036ABA0 /* DashboardMenuListItem.swift */; };
		CF30ECDF28410DE90036ABA0 /* DashboardResources.swift in Sources */ = {isa = PBXBuildFile; fileRef = CF30ECDE28410DE90036ABA0 /* DashboardResources.swift */; };
		CF30ECE328410E540036ABA0 /* FavoritesResources.swift in Sources */ = {isa = PBXBuildFile; fileRef = CF30ECE228410E540036ABA0 /* FavoritesResources.swift */; };
		CF30ECE728410F440036ABA0 /* RandomJokeResources.swift in Sources */ = {isa = PBXBuildFile; fileRef = CF30ECE628410F440036ABA0 /* RandomJokeResources.swift */; };
		CF30ECE9284119740036ABA0 /* DashboardViewProvider.swift in Sources */ = {isa = PBXBuildFile; fileRef = CF30ECE8284119740036ABA0 /* DashboardViewProvider.swift */; };
		CF3F61482858C30700238772 /* ViewModel.swift in Sources */ = {isa = PBXBuildFile; fileRef = CF3F61472858C30700238772 /* ViewModel.swift */; };
		CF3F614F2858C62500238772 /* App+Injection.swift in Sources */ = {isa = PBXBuildFile; fileRef = CF3F614E2858C62500238772 /* App+Injection.swift */; };
		CF3F61522858C7F100238772 /* Dashboard+Injection.swift in Sources */ = {isa = PBXBuildFile; fileRef = CF3F61512858C7F100238772 /* Dashboard+Injection.swift */; };
		CF3F61552858C9AB00238772 /* Favorites+Injection.swift in Sources */ = {isa = PBXBuildFile; fileRef = CF3F61542858C9AB00238772 /* Favorites+Injection.swift */; };
		CF3F61582858CA8B00238772 /* RandomJoke+Injection.swift in Sources */ = {isa = PBXBuildFile; fileRef = CF3F61572858CA8B00238772 /* RandomJoke+Injection.swift */; };
		CF3F615D285B526D00238772 /* Common+Injection.swift in Sources */ = {isa = PBXBuildFile; fileRef = CF3F615C285B526D00238772 /* Common+Injection.swift */; };
		CF3F615F285B66B000238772 /* Destination.swift in Sources */ = {isa = PBXBuildFile; fileRef = CF3F615E285B66B000238772 /* Destination.swift */; };
		CF577E162861F72400E2D519 /* Resolver in Frameworks */ = {isa = PBXBuildFile; productRef = CF577E152861F72400E2D519 /* Resolver */; };
		CF577E422863209400E2D519 /* DashboardUITests.swift in Sources */ = {isa = PBXBuildFile; fileRef = CF577E412863209400E2D519 /* DashboardUITests.swift */; };
		CF577E8F2863242C00E2D519 /* AppUITests.swift in Sources */ = {isa = PBXBuildFile; fileRef = CF577E8E2863242C00E2D519 /* AppUITests.swift */; };
		CF577E91286332AE00E2D519 /* DashboardResources.swift in Sources */ = {isa = PBXBuildFile; fileRef = CF30ECDE28410DE90036ABA0 /* DashboardResources.swift */; };
		CF577E92286332AE00E2D519 /* FavoritesResources.swift in Sources */ = {isa = PBXBuildFile; fileRef = CF30ECE228410E540036ABA0 /* FavoritesResources.swift */; };
		CF577E93286332AE00E2D519 /* RandomJokeResources.swift in Sources */ = {isa = PBXBuildFile; fileRef = CF30ECE628410F440036ABA0 /* RandomJokeResources.swift */; };
		CF577E94286332AE00E2D519 /* CommonResources.swift in Sources */ = {isa = PBXBuildFile; fileRef = CF09F36D2860C24900AFDBA6 /* CommonResources.swift */; };
		CF577E972865AF5400E2D519 /* GetRandomJokeUseCase.swift in Sources */ = {isa = PBXBuildFile; fileRef = CF577E962865AF5400E2D519 /* GetRandomJokeUseCase.swift */; };
		CF577E9D2865F82800E2D519 /* RandomJokeDomainModel.swift in Sources */ = {isa = PBXBuildFile; fileRef = CF577E9C2865F82800E2D519 /* RandomJokeDomainModel.swift */; };
		CF93AB0E287D6B1500903ED9 /* Constants.swift in Sources */ = {isa = PBXBuildFile; fileRef = CF93AB0D287D6B1500903ED9 /* Constants.swift */; };
		CF93AB11287DAC6900903ED9 /* RandomJokeDataSourceTestMock.swift in Sources */ = {isa = PBXBuildFile; fileRef = CF93AB10287DAC6900903ED9 /* RandomJokeDataSourceTestMock.swift */; };
		CF93AB13287EF90300903ED9 /* RandomJokeViewModelTests.swift in Sources */ = {isa = PBXBuildFile; fileRef = CF93AB12287EF90300903ED9 /* RandomJokeViewModelTests.swift */; };
		CF93AB16287EF94F00903ED9 /* GetRandomJokeUseCaseTestMock.swift in Sources */ = {isa = PBXBuildFile; fileRef = CF93AB15287EF94F00903ED9 /* GetRandomJokeUseCaseTestMock.swift */; };
		CF93AB1A287EFCD000903ED9 /* NetworkingTestMock.swift in Sources */ = {isa = PBXBuildFile; fileRef = CF93AB19287EFCD000903ED9 /* NetworkingTestMock.swift */; };
		CFA5AE0A28746A03007C068B /* Loading.swift in Sources */ = {isa = PBXBuildFile; fileRef = CFA5AE0928746A03007C068B /* Loading.swift */; };
		CFB591B8286C6C9C005D7009 /* RandomJokeDataSource.swift in Sources */ = {isa = PBXBuildFile; fileRef = CFB591B7286C6C9C005D7009 /* RandomJokeDataSource.swift */; };
		CFB591BB286C6D47005D7009 /* RandomJokeDataModel.swift in Sources */ = {isa = PBXBuildFile; fileRef = CFB591BA286C6D47005D7009 /* RandomJokeDataModel.swift */; };
		CFB591BE286C6E1C005D7009 /* RandomJokeMockDataSource.swift in Sources */ = {isa = PBXBuildFile; fileRef = CFB591BD286C6E1C005D7009 /* RandomJokeMockDataSource.swift */; };
		CFB591CE286DE09E005D7009 /* GetRandomJokeUseCaseTests.swift in Sources */ = {isa = PBXBuildFile; fileRef = CFB591CD286DE09E005D7009 /* GetRandomJokeUseCaseTests.swift */; };
		CFB591D2286DE209005D7009 /* TestMocks+Injection.swift in Sources */ = {isa = PBXBuildFile; fileRef = CFB591D1286DE209005D7009 /* TestMocks+Injection.swift */; };
		CFB591D5286DFA55005D7009 /* ErrorMock.swift in Sources */ = {isa = PBXBuildFile; fileRef = CFB591D4286DFA55005D7009 /* ErrorMock.swift */; };
		CFB591E8286F3256005D7009 /* RandomJokeViewModel.swift in Sources */ = {isa = PBXBuildFile; fileRef = CFB591E7286F3256005D7009 /* RandomJokeViewModel.swift */; };
		CFDE38262890355A00E2DC47 /* RandomJokeUITests.swift in Sources */ = {isa = PBXBuildFile; fileRef = CFDE38252890355A00E2DC47 /* RandomJokeUITests.swift */; };
		CFDE382C2891794800E2DC47 /* UITestConstants.swift in Sources */ = {isa = PBXBuildFile; fileRef = CFDE382B2891794800E2DC47 /* UITestConstants.swift */; };
		CFDE382D28917A9600E2DC47 /* Constants.swift in Sources */ = {isa = PBXBuildFile; fileRef = CF93AB0D287D6B1500903ED9 /* Constants.swift */; };
/* End PBXBuildFile section */

/* Begin PBXContainerItemProxy section */
		CF577E3828631F0000E2D519 /* PBXContainerItemProxy */ = {
			isa = PBXContainerItemProxy;
			containerPortal = ACBF582A27EB71AD006F021A /* Project object */;
			proxyType = 1;
			remoteGlobalIDString = ACBF583127EB71AD006F021A;
			remoteInfo = DadJokes;
		};
		CFB591C7286DDFBB005D7009 /* PBXContainerItemProxy */ = {
			isa = PBXContainerItemProxy;
			containerPortal = ACBF582A27EB71AD006F021A /* Project object */;
			proxyType = 1;
			remoteGlobalIDString = ACBF583127EB71AD006F021A;
			remoteInfo = DadJokes;
		};
/* End PBXContainerItemProxy section */

/* Begin PBXFileReference section */
		ACBF583227EB71AD006F021A /* DadJokes.app */ = {isa = PBXFileReference; explicitFileType = wrapper.application; includeInIndex = 0; path = DadJokes.app; sourceTree = BUILT_PRODUCTS_DIR; };
		ACBF583527EB71AD006F021A /* DadJokesApp.swift */ = {isa = PBXFileReference; lastKnownFileType = sourcecode.swift; path = DadJokesApp.swift; sourceTree = "<group>"; };
		ACBF583927EB71AF006F021A /* Assets.xcassets */ = {isa = PBXFileReference; lastKnownFileType = folder.assetcatalog; path = Assets.xcassets; sourceTree = "<group>"; };
		ACBF583C27EB71AF006F021A /* Preview Assets.xcassets */ = {isa = PBXFileReference; lastKnownFileType = folder.assetcatalog; path = "Preview Assets.xcassets"; sourceTree = "<group>"; };
		CF09F36D2860C24900AFDBA6 /* CommonResources.swift */ = {isa = PBXFileReference; lastKnownFileType = sourcecode.swift; path = CommonResources.swift; sourceTree = "<group>"; };
		CF210EE728450FD000C1D35D /* AppViewProvider.swift */ = {isa = PBXFileReference; lastKnownFileType = sourcecode.swift; path = AppViewProvider.swift; sourceTree = "<group>"; };
		CF210EE9284510CF00C1D35D /* ViewProvider.swift */ = {isa = PBXFileReference; lastKnownFileType = sourcecode.swift; path = ViewProvider.swift; sourceTree = "<group>"; };
		CF210EEF2845144000C1D35D /* FavoritesViewProvider.swift */ = {isa = PBXFileReference; lastKnownFileType = sourcecode.swift; path = FavoritesViewProvider.swift; sourceTree = "<group>"; };
		CF210EF12845147F00C1D35D /* RandomJokeViewProvider.swift */ = {isa = PBXFileReference; lastKnownFileType = sourcecode.swift; path = RandomJokeViewProvider.swift; sourceTree = "<group>"; };
		CF30ECB8283FBA190036ABA0 /* DashboardView.swift */ = {isa = PBXFileReference; lastKnownFileType = sourcecode.swift; path = DashboardView.swift; sourceTree = "<group>"; };
		CF30ECBA283FBA290036ABA0 /* DashboardViewModel.swift */ = {isa = PBXFileReference; lastKnownFileType = sourcecode.swift; path = DashboardViewModel.swift; sourceTree = "<group>"; };
		CF30ECBE283FBFC00036ABA0 /* FavoritesView.swift */ = {isa = PBXFileReference; lastKnownFileType = sourcecode.swift; path = FavoritesView.swift; sourceTree = "<group>"; };
		CF30ECC2283FBFE50036ABA0 /* RandomJokeView.swift */ = {isa = PBXFileReference; lastKnownFileType = sourcecode.swift; path = RandomJokeView.swift; sourceTree = "<group>"; };
		CF30ECC5283FCBBC0036ABA0 /* View+Extensions.swift */ = {isa = PBXFileReference; lastKnownFileType = sourcecode.swift; path = "View+Extensions.swift"; sourceTree = "<group>"; };
		CF30ECC92840E3460036ABA0 /* DashboardMenuListItem.swift */ = {isa = PBXFileReference; lastKnownFileType = sourcecode.swift; path = DashboardMenuListItem.swift; sourceTree = "<group>"; };
		CF30ECDE28410DE90036ABA0 /* DashboardResources.swift */ = {isa = PBXFileReference; lastKnownFileType = sourcecode.swift; path = DashboardResources.swift; sourceTree = "<group>"; };
		CF30ECE228410E540036ABA0 /* FavoritesResources.swift */ = {isa = PBXFileReference; lastKnownFileType = sourcecode.swift; path = FavoritesResources.swift; sourceTree = "<group>"; };
		CF30ECE628410F440036ABA0 /* RandomJokeResources.swift */ = {isa = PBXFileReference; lastKnownFileType = sourcecode.swift; path = RandomJokeResources.swift; sourceTree = "<group>"; };
		CF30ECE8284119740036ABA0 /* DashboardViewProvider.swift */ = {isa = PBXFileReference; lastKnownFileType = sourcecode.swift; path = DashboardViewProvider.swift; sourceTree = "<group>"; };
		CF3F61472858C30700238772 /* ViewModel.swift */ = {isa = PBXFileReference; lastKnownFileType = sourcecode.swift; path = ViewModel.swift; sourceTree = "<group>"; };
		CF3F614E2858C62500238772 /* App+Injection.swift */ = {isa = PBXFileReference; lastKnownFileType = sourcecode.swift; path = "App+Injection.swift"; sourceTree = "<group>"; };
		CF3F61512858C7F100238772 /* Dashboard+Injection.swift */ = {isa = PBXFileReference; lastKnownFileType = sourcecode.swift; path = "Dashboard+Injection.swift"; sourceTree = "<group>"; };
		CF3F61542858C9AB00238772 /* Favorites+Injection.swift */ = {isa = PBXFileReference; lastKnownFileType = sourcecode.swift; path = "Favorites+Injection.swift"; sourceTree = "<group>"; };
		CF3F61572858CA8B00238772 /* RandomJoke+Injection.swift */ = {isa = PBXFileReference; lastKnownFileType = sourcecode.swift; path = "RandomJoke+Injection.swift"; sourceTree = "<group>"; };
		CF3F615C285B526D00238772 /* Common+Injection.swift */ = {isa = PBXFileReference; lastKnownFileType = sourcecode.swift; path = "Common+Injection.swift"; sourceTree = "<group>"; };
		CF3F615E285B66B000238772 /* Destination.swift */ = {isa = PBXFileReference; lastKnownFileType = sourcecode.swift; path = Destination.swift; sourceTree = "<group>"; };
		CF577E3228631F0000E2D519 /* DadJokesUITests.xctest */ = {isa = PBXFileReference; explicitFileType = wrapper.cfbundle; includeInIndex = 0; path = DadJokesUITests.xctest; sourceTree = BUILT_PRODUCTS_DIR; };
		CF577E412863209400E2D519 /* DashboardUITests.swift */ = {isa = PBXFileReference; lastKnownFileType = sourcecode.swift; path = DashboardUITests.swift; sourceTree = "<group>"; };
		CF577E8E2863242C00E2D519 /* AppUITests.swift */ = {isa = PBXFileReference; lastKnownFileType = sourcecode.swift; path = AppUITests.swift; sourceTree = "<group>"; };
		CF577E962865AF5400E2D519 /* GetRandomJokeUseCase.swift */ = {isa = PBXFileReference; lastKnownFileType = sourcecode.swift; path = GetRandomJokeUseCase.swift; sourceTree = "<group>"; };
		CF577E9C2865F82800E2D519 /* RandomJokeDomainModel.swift */ = {isa = PBXFileReference; lastKnownFileType = sourcecode.swift; path = RandomJokeDomainModel.swift; sourceTree = "<group>"; };
		CF93AB0D287D6B1500903ED9 /* Constants.swift */ = {isa = PBXFileReference; lastKnownFileType = sourcecode.swift; path = Constants.swift; sourceTree = "<group>"; };
		CF93AB10287DAC6900903ED9 /* RandomJokeDataSourceTestMock.swift */ = {isa = PBXFileReference; lastKnownFileType = sourcecode.swift; path = RandomJokeDataSourceTestMock.swift; sourceTree = "<group>"; };
		CF93AB12287EF90300903ED9 /* RandomJokeViewModelTests.swift */ = {isa = PBXFileReference; lastKnownFileType = sourcecode.swift; path = RandomJokeViewModelTests.swift; sourceTree = "<group>"; };
		CF93AB15287EF94F00903ED9 /* GetRandomJokeUseCaseTestMock.swift */ = {isa = PBXFileReference; lastKnownFileType = sourcecode.swift; path = GetRandomJokeUseCaseTestMock.swift; sourceTree = "<group>"; };
		CF93AB19287EFCD000903ED9 /* NetworkingTestMock.swift */ = {isa = PBXFileReference; lastKnownFileType = sourcecode.swift; path = NetworkingTestMock.swift; sourceTree = "<group>"; };
		CFA5AE0928746A03007C068B /* Loading.swift */ = {isa = PBXFileReference; lastKnownFileType = sourcecode.swift; path = Loading.swift; sourceTree = "<group>"; };
		CFB591B7286C6C9C005D7009 /* RandomJokeDataSource.swift */ = {isa = PBXFileReference; lastKnownFileType = sourcecode.swift; path = RandomJokeDataSource.swift; sourceTree = "<group>"; };
		CFB591BA286C6D47005D7009 /* RandomJokeDataModel.swift */ = {isa = PBXFileReference; lastKnownFileType = sourcecode.swift; path = RandomJokeDataModel.swift; sourceTree = "<group>"; };
		CFB591BD286C6E1C005D7009 /* RandomJokeMockDataSource.swift */ = {isa = PBXFileReference; lastKnownFileType = sourcecode.swift; path = RandomJokeMockDataSource.swift; sourceTree = "<group>"; };
		CFB591C3286DDFBB005D7009 /* DadJokesTests.xctest */ = {isa = PBXFileReference; explicitFileType = wrapper.cfbundle; includeInIndex = 0; path = DadJokesTests.xctest; sourceTree = BUILT_PRODUCTS_DIR; };
		CFB591CD286DE09E005D7009 /* GetRandomJokeUseCaseTests.swift */ = {isa = PBXFileReference; lastKnownFileType = sourcecode.swift; path = GetRandomJokeUseCaseTests.swift; sourceTree = "<group>"; };
		CFB591D1286DE209005D7009 /* TestMocks+Injection.swift */ = {isa = PBXFileReference; lastKnownFileType = sourcecode.swift; path = "TestMocks+Injection.swift"; sourceTree = "<group>"; };
		CFB591D4286DFA55005D7009 /* ErrorMock.swift */ = {isa = PBXFileReference; lastKnownFileType = sourcecode.swift; path = ErrorMock.swift; sourceTree = "<group>"; };
		CFB591E7286F3256005D7009 /* RandomJokeViewModel.swift */ = {isa = PBXFileReference; lastKnownFileType = sourcecode.swift; path = RandomJokeViewModel.swift; sourceTree = "<group>"; };
		CFDE38252890355A00E2DC47 /* RandomJokeUITests.swift */ = {isa = PBXFileReference; lastKnownFileType = sourcecode.swift; path = RandomJokeUITests.swift; sourceTree = "<group>"; };
		CFDE382B2891794800E2DC47 /* UITestConstants.swift */ = {isa = PBXFileReference; lastKnownFileType = sourcecode.swift; path = UITestConstants.swift; sourceTree = "<group>"; };
/* End PBXFileReference section */

/* Begin PBXFrameworksBuildPhase section */
		ACBF582F27EB71AD006F021A /* Frameworks */ = {
			isa = PBXFrameworksBuildPhase;
			buildActionMask = 2147483647;
			files = (
				CF577E162861F72400E2D519 /* Resolver in Frameworks */,
			);
			runOnlyForDeploymentPostprocessing = 0;
		};
		CF577E2F28631F0000E2D519 /* Frameworks */ = {
			isa = PBXFrameworksBuildPhase;
			buildActionMask = 2147483647;
			files = (
			);
			runOnlyForDeploymentPostprocessing = 0;
		};
		CFB591C0286DDFBB005D7009 /* Frameworks */ = {
			isa = PBXFrameworksBuildPhase;
			buildActionMask = 2147483647;
			files = (
			);
			runOnlyForDeploymentPostprocessing = 0;
		};
/* End PBXFrameworksBuildPhase section */

/* Begin PBXGroup section */
		ACBF582927EB71AD006F021A = {
			isa = PBXGroup;
			children = (
				ACBF583427EB71AD006F021A /* DadJokes */,
				CFB591C4286DDFBB005D7009 /* DadJokesTests */,
				CF577E3328631F0000E2D519 /* DadJokesUITests */,
				ACBF583327EB71AD006F021A /* Products */,
			);
			sourceTree = "<group>";
		};
		ACBF583327EB71AD006F021A /* Products */ = {
			isa = PBXGroup;
			children = (
				ACBF583227EB71AD006F021A /* DadJokes.app */,
				CF577E3228631F0000E2D519 /* DadJokesUITests.xctest */,
				CFB591C3286DDFBB005D7009 /* DadJokesTests.xctest */,
			);
			name = Products;
			sourceTree = "<group>";
		};
		ACBF583427EB71AD006F021A /* DadJokes */ = {
			isa = PBXGroup;
			children = (
				CF30ECAB283FADA00036ABA0 /* App */,
				CF30ECC4283FC8DB0036ABA0 /* Common */,
				CF30ECAE283FB3260036ABA0 /* Features */,
				CF30ECCB2840E9700036ABA0 /* Resources */,
				ACBF583B27EB71AF006F021A /* Preview Content */,
			);
			path = DadJokes;
			sourceTree = "<group>";
		};
		ACBF583B27EB71AF006F021A /* Preview Content */ = {
			isa = PBXGroup;
			children = (
				ACBF583C27EB71AF006F021A /* Preview Assets.xcassets */,
			);
			path = "Preview Content";
			sourceTree = "<group>";
		};
		CF210EEB284510D300C1D35D /* Presentation */ = {
			isa = PBXGroup;
			children = (
				CFA5AE0628746041007C068B /* ViewModifiers */,
				CF3F615E285B66B000238772 /* Destination.swift */,
				CF3F61472858C30700238772 /* ViewModel.swift */,
				CF210EE9284510CF00C1D35D /* ViewProvider.swift */,
			);
			path = Presentation;
			sourceTree = "<group>";
		};
		CF30ECAB283FADA00036ABA0 /* App */ = {
			isa = PBXGroup;
			children = (
				ACBF583527EB71AD006F021A /* DadJokesApp.swift */,
				CF3F614E2858C62500238772 /* App+Injection.swift */,
				CF210EE728450FD000C1D35D /* AppViewProvider.swift */,
			);
			path = App;
			sourceTree = "<group>";
		};
		CF30ECAE283FB3260036ABA0 /* Features */ = {
			isa = PBXGroup;
			children = (
				CF30ECAF283FB3350036ABA0 /* Dashboard */,
				CF30ECBD283FBFA00036ABA0 /* Favorites */,
				CF30ECBC283FBF8C0036ABA0 /* RandomJoke */,
			);
			path = Features;
			sourceTree = "<group>";
		};
		CF30ECAF283FB3350036ABA0 /* Dashboard */ = {
			isa = PBXGroup;
			children = (
				CF3F61502858C7BD00238772 /* DI */,
				CF30ECB6283FB7100036ABA0 /* Presentation */,
			);
			path = Dashboard;
			sourceTree = "<group>";
		};
		CF30ECB6283FB7100036ABA0 /* Presentation */ = {
			isa = PBXGroup;
			children = (
				CF30ECC82840E32C0036ABA0 /* Model */,
				CF30ECB8283FBA190036ABA0 /* DashboardView.swift */,
				CF30ECBA283FBA290036ABA0 /* DashboardViewModel.swift */,
				CF30ECE8284119740036ABA0 /* DashboardViewProvider.swift */,
			);
			path = Presentation;
			sourceTree = "<group>";
		};
		CF30ECBC283FBF8C0036ABA0 /* RandomJoke */ = {
			isa = PBXGroup;
			children = (
				CFB591B6286C6C23005D7009 /* Data */,
				CF3F61562858CA7F00238772 /* DI */,
				CF577E952865AF2500E2D519 /* Domain */,
				CF30ECE428410F2C0036ABA0 /* Presentation */,
			);
			path = RandomJoke;
			sourceTree = "<group>";
		};
		CF30ECBD283FBFA00036ABA0 /* Favorites */ = {
			isa = PBXGroup;
			children = (
				CF3F61532858C99B00238772 /* DI */,
				CF30ECE028410E300036ABA0 /* Presentation */,
			);
			path = Favorites;
			sourceTree = "<group>";
		};
		CF30ECC4283FC8DB0036ABA0 /* Common */ = {
			isa = PBXGroup;
			children = (
				CF93AB0C287D6B0A00903ED9 /* Config */,
				CF3F615B285B525F00238772 /* DI */,
				CF30ECC7283FCBC20036ABA0 /* Extensions */,
				CF210EEB284510D300C1D35D /* Presentation */,
			);
			path = Common;
			sourceTree = "<group>";
		};
		CF30ECC7283FCBC20036ABA0 /* Extensions */ = {
			isa = PBXGroup;
			children = (
				CF30ECC5283FCBBC0036ABA0 /* View+Extensions.swift */,
			);
			path = Extensions;
			sourceTree = "<group>";
		};
		CF30ECC82840E32C0036ABA0 /* Model */ = {
			isa = PBXGroup;
			children = (
				CF30ECC92840E3460036ABA0 /* DashboardMenuListItem.swift */,
			);
			path = Model;
			sourceTree = "<group>";
		};
		CF30ECCB2840E9700036ABA0 /* Resources */ = {
			isa = PBXGroup;
			children = (
				CF577E902863328100E2D519 /* Texts */,
				ACBF583927EB71AF006F021A /* Assets.xcassets */,
			);
			path = Resources;
			sourceTree = "<group>";
		};
		CF30ECE028410E300036ABA0 /* Presentation */ = {
			isa = PBXGroup;
			children = (
				CF30ECBE283FBFC00036ABA0 /* FavoritesView.swift */,
				CF210EEF2845144000C1D35D /* FavoritesViewProvider.swift */,
			);
			path = Presentation;
			sourceTree = "<group>";
		};
		CF30ECE428410F2C0036ABA0 /* Presentation */ = {
			isa = PBXGroup;
			children = (
				CFA5AE0128742BA3007C068B /* Model */,
				CF30ECC2283FBFE50036ABA0 /* RandomJokeView.swift */,
				CFB591E7286F3256005D7009 /* RandomJokeViewModel.swift */,
				CF210EF12845147F00C1D35D /* RandomJokeViewProvider.swift */,
			);
			path = Presentation;
			sourceTree = "<group>";
		};
		CF3F61502858C7BD00238772 /* DI */ = {
			isa = PBXGroup;
			children = (
				CF3F61512858C7F100238772 /* Dashboard+Injection.swift */,
			);
			path = DI;
			sourceTree = "<group>";
		};
		CF3F61532858C99B00238772 /* DI */ = {
			isa = PBXGroup;
			children = (
				CF3F61542858C9AB00238772 /* Favorites+Injection.swift */,
			);
			path = DI;
			sourceTree = "<group>";
		};
		CF3F61562858CA7F00238772 /* DI */ = {
			isa = PBXGroup;
			children = (
				CF3F61572858CA8B00238772 /* RandomJoke+Injection.swift */,
			);
			path = DI;
			sourceTree = "<group>";
		};
		CF3F615B285B525F00238772 /* DI */ = {
			isa = PBXGroup;
			children = (
				CF3F615C285B526D00238772 /* Common+Injection.swift */,
			);
			path = DI;
			sourceTree = "<group>";
		};
		CF577E3328631F0000E2D519 /* DadJokesUITests */ = {
			isa = PBXGroup;
			children = (
				CFDE382A2891793800E2DC47 /* Config */,
				CF577E8E2863242C00E2D519 /* AppUITests.swift */,
				CF577E412863209400E2D519 /* DashboardUITests.swift */,
				CFDE38252890355A00E2DC47 /* RandomJokeUITests.swift */,
			);
			path = DadJokesUITests;
			sourceTree = "<group>";
		};
		CF577E902863328100E2D519 /* Texts */ = {
			isa = PBXGroup;
			children = (
				CF09F36D2860C24900AFDBA6 /* CommonResources.swift */,
				CF30ECDE28410DE90036ABA0 /* DashboardResources.swift */,
				CF30ECE228410E540036ABA0 /* FavoritesResources.swift */,
				CF30ECE628410F440036ABA0 /* RandomJokeResources.swift */,
			);
			path = Texts;
			sourceTree = "<group>";
		};
		CF577E952865AF2500E2D519 /* Domain */ = {
			isa = PBXGroup;
			children = (
				CF577E9B2865F41A00E2D519 /* Model */,
				CF577E962865AF5400E2D519 /* GetRandomJokeUseCase.swift */,
			);
			path = Domain;
			sourceTree = "<group>";
		};
		CF577E9B2865F41A00E2D519 /* Model */ = {
			isa = PBXGroup;
			children = (
				CF577E9C2865F82800E2D519 /* RandomJokeDomainModel.swift */,
			);
			path = Model;
			sourceTree = "<group>";
		};
		CF93AB0C287D6B0A00903ED9 /* Config */ = {
			isa = PBXGroup;
			children = (
				CF93AB0D287D6B1500903ED9 /* Constants.swift */,
			);
			path = Config;
			sourceTree = "<group>";
		};
		CF93AB0F287DAC4D00903ED9 /* DataSource */ = {
			isa = PBXGroup;
			children = (
				CF93AB10287DAC6900903ED9 /* RandomJokeDataSourceTestMock.swift */,
			);
			path = DataSource;
			sourceTree = "<group>";
		};
		CF93AB14287EF92400903ED9 /* UseCase */ = {
			isa = PBXGroup;
			children = (
				CF93AB15287EF94F00903ED9 /* GetRandomJokeUseCaseTestMock.swift */,
			);
			path = UseCase;
			sourceTree = "<group>";
		};
		CF93AB18287EFCC100903ED9 /* CommonMocks */ = {
			isa = PBXGroup;
			children = (
				CF93AB19287EFCD000903ED9 /* NetworkingTestMock.swift */,
			);
			path = CommonMocks;
			sourceTree = "<group>";
		};
		CFA5AE0128742BA3007C068B /* Model */ = {
			isa = PBXGroup;
			children = (
			);
			path = Model;
			sourceTree = "<group>";
		};
		CFA5AE0628746041007C068B /* ViewModifiers */ = {
			isa = PBXGroup;
			children = (
				CFA5AE0928746A03007C068B /* Loading.swift */,
			);
			path = ViewModifiers;
			sourceTree = "<group>";
		};
		CFB591B6286C6C23005D7009 /* Data */ = {
			isa = PBXGroup;
			children = (
				CFB591B9286C6D3D005D7009 /* Model */,
				CFB591B7286C6C9C005D7009 /* RandomJokeDataSource.swift */,
				CFB591BD286C6E1C005D7009 /* RandomJokeMockDataSource.swift */,
			);
			path = Data;
			sourceTree = "<group>";
		};
		CFB591B9286C6D3D005D7009 /* Model */ = {
			isa = PBXGroup;
			children = (
				CFB591BA286C6D47005D7009 /* RandomJokeDataModel.swift */,
			);
			path = Model;
			sourceTree = "<group>";
		};
		CFB591C4286DDFBB005D7009 /* DadJokesTests */ = {
			isa = PBXGroup;
			children = (
				CFB591CC286DE07C005D7009 /* RandomJoke */,
				CFB591CF286DE18A005D7009 /* TestMocks */,
			);
			path = DadJokesTests;
			sourceTree = "<group>";
		};
		CFB591CC286DE07C005D7009 /* RandomJoke */ = {
			isa = PBXGroup;
			children = (
				CFB591CD286DE09E005D7009 /* GetRandomJokeUseCaseTests.swift */,
				CF93AB12287EF90300903ED9 /* RandomJokeViewModelTests.swift */,
			);
			path = RandomJoke;
			sourceTree = "<group>";
		};
		CFB591CF286DE18A005D7009 /* TestMocks */ = {
			isa = PBXGroup;
			children = (
				CF93AB18287EFCC100903ED9 /* CommonMocks */,
				CF93AB0F287DAC4D00903ED9 /* DataSource */,
				CFB591D0286DE1AA005D7009 /* DI */,
				CFB591D3286DFA4B005D7009 /* ErrorMock */,
				CF93AB14287EF92400903ED9 /* UseCase */,
			);
			path = TestMocks;
			sourceTree = "<group>";
		};
		CFB591D0286DE1AA005D7009 /* DI */ = {
			isa = PBXGroup;
			children = (
				CFB591D1286DE209005D7009 /* TestMocks+Injection.swift */,
			);
			path = DI;
			sourceTree = "<group>";
		};
		CFB591D3286DFA4B005D7009 /* ErrorMock */ = {
			isa = PBXGroup;
			children = (
				CFB591D4286DFA55005D7009 /* ErrorMock.swift */,
			);
			path = ErrorMock;
			sourceTree = "<group>";
		};
		CFDE382A2891793800E2DC47 /* Config */ = {
			isa = PBXGroup;
			children = (
				CFDE382B2891794800E2DC47 /* UITestConstants.swift */,
			);
			path = Config;
			sourceTree = "<group>";
		};
/* End PBXGroup section */

/* Begin PBXNativeTarget section */
		ACBF583127EB71AD006F021A /* DadJokes */ = {
			isa = PBXNativeTarget;
			buildConfigurationList = ACBF585627EB71AF006F021A /* Build configuration list for PBXNativeTarget "DadJokes" */;
			buildPhases = (
				ACBF582E27EB71AD006F021A /* Sources */,
				ACBF582F27EB71AD006F021A /* Frameworks */,
				ACBF583027EB71AD006F021A /* Resources */,
			);
			buildRules = (
			);
			dependencies = (
			);
			name = DadJokes;
			packageProductDependencies = (
				CF577E152861F72400E2D519 /* Resolver */,
			);
			productName = DadJokes;
			productReference = ACBF583227EB71AD006F021A /* DadJokes.app */;
			productType = "com.apple.product-type.application";
		};
		CF577E3128631F0000E2D519 /* DadJokesUITests */ = {
			isa = PBXNativeTarget;
			buildConfigurationList = CF577E3C28631F0000E2D519 /* Build configuration list for PBXNativeTarget "DadJokesUITests" */;
			buildPhases = (
				CF577E2E28631F0000E2D519 /* Sources */,
				CF577E2F28631F0000E2D519 /* Frameworks */,
				CF577E3028631F0000E2D519 /* Resources */,
			);
			buildRules = (
			);
			dependencies = (
				CF577E3928631F0000E2D519 /* PBXTargetDependency */,
			);
			name = DadJokesUITests;
			productName = DadJokesUITests;
			productReference = CF577E3228631F0000E2D519 /* DadJokesUITests.xctest */;
			productType = "com.apple.product-type.bundle.ui-testing";
		};
		CFB591C2286DDFBB005D7009 /* DadJokesTests */ = {
			isa = PBXNativeTarget;
			buildConfigurationList = CFB591C9286DDFBB005D7009 /* Build configuration list for PBXNativeTarget "DadJokesTests" */;
			buildPhases = (
				CFB591BF286DDFBB005D7009 /* Sources */,
				CFB591C0286DDFBB005D7009 /* Frameworks */,
				CFB591C1286DDFBB005D7009 /* Resources */,
			);
			buildRules = (
			);
			dependencies = (
				CFB591C8286DDFBB005D7009 /* PBXTargetDependency */,
			);
			name = DadJokesTests;
			productName = DadJokesTests;
			productReference = CFB591C3286DDFBB005D7009 /* DadJokesTests.xctest */;
			productType = "com.apple.product-type.bundle.unit-test";
		};
/* End PBXNativeTarget section */

/* Begin PBXProject section */
		ACBF582A27EB71AD006F021A /* Project object */ = {
			isa = PBXProject;
			attributes = {
				BuildIndependentTargetsInParallel = 1;
				LastSwiftUpdateCheck = 1330;
				LastUpgradeCheck = 1320;
				TargetAttributes = {
					ACBF583127EB71AD006F021A = {
						CreatedOnToolsVersion = 13.2.1;
					};
					CF577E3128631F0000E2D519 = {
						CreatedOnToolsVersion = 13.3.1;
						LastSwiftMigration = 1330;
						TestTargetID = ACBF583127EB71AD006F021A;
					};
					CFB591C2286DDFBB005D7009 = {
						CreatedOnToolsVersion = 13.3.1;
						LastSwiftMigration = 1330;
						TestTargetID = ACBF583127EB71AD006F021A;
					};
				};
			};
			buildConfigurationList = ACBF582D27EB71AD006F021A /* Build configuration list for PBXProject "DadJokes" */;
			compatibilityVersion = "Xcode 13.0";
			developmentRegion = en;
			hasScannedForEncodings = 0;
			knownRegions = (
				en,
				Base,
			);
			mainGroup = ACBF582927EB71AD006F021A;
			packageReferences = (
				CF577E142861F72400E2D519 /* XCRemoteSwiftPackageReference "Resolver" */,
			);
			productRefGroup = ACBF583327EB71AD006F021A /* Products */;
			projectDirPath = "";
			projectRoot = "";
			targets = (
				ACBF583127EB71AD006F021A /* DadJokes */,
				CFB591C2286DDFBB005D7009 /* DadJokesTests */,
				CF577E3128631F0000E2D519 /* DadJokesUITests */,
			);
		};
/* End PBXProject section */

/* Begin PBXResourcesBuildPhase section */
		ACBF583027EB71AD006F021A /* Resources */ = {
			isa = PBXResourcesBuildPhase;
			buildActionMask = 2147483647;
			files = (
				ACBF583D27EB71AF006F021A /* Preview Assets.xcassets in Resources */,
				ACBF583A27EB71AF006F021A /* Assets.xcassets in Resources */,
			);
			runOnlyForDeploymentPostprocessing = 0;
		};
		CF577E3028631F0000E2D519 /* Resources */ = {
			isa = PBXResourcesBuildPhase;
			buildActionMask = 2147483647;
			files = (
			);
			runOnlyForDeploymentPostprocessing = 0;
		};
		CFB591C1286DDFBB005D7009 /* Resources */ = {
			isa = PBXResourcesBuildPhase;
			buildActionMask = 2147483647;
			files = (
			);
			runOnlyForDeploymentPostprocessing = 0;
		};
/* End PBXResourcesBuildPhase section */

/* Begin PBXSourcesBuildPhase section */
		ACBF582E27EB71AD006F021A /* Sources */ = {
			isa = PBXSourcesBuildPhase;
			buildActionMask = 2147483647;
			files = (
				CF30ECB9283FBA190036ABA0 /* DashboardView.swift in Sources */,
				CF3F61552858C9AB00238772 /* Favorites+Injection.swift in Sources */,
				CFB591B8286C6C9C005D7009 /* RandomJokeDataSource.swift in Sources */,
				CF3F614F2858C62500238772 /* App+Injection.swift in Sources */,
				CF3F61582858CA8B00238772 /* RandomJoke+Injection.swift in Sources */,
				CF30ECC3283FBFE50036ABA0 /* RandomJokeView.swift in Sources */,
				CF3F61522858C7F100238772 /* Dashboard+Injection.swift in Sources */,
				CF30ECC6283FCBBC0036ABA0 /* View+Extensions.swift in Sources */,
				CF210EF02845144000C1D35D /* FavoritesViewProvider.swift in Sources */,
				CF30ECE328410E540036ABA0 /* FavoritesResources.swift in Sources */,
				CF3F615D285B526D00238772 /* Common+Injection.swift in Sources */,
				CF3F615F285B66B000238772 /* Destination.swift in Sources */,
				CF30ECE728410F440036ABA0 /* RandomJokeResources.swift in Sources */,
				CF210EF22845147F00C1D35D /* RandomJokeViewProvider.swift in Sources */,
				CF30ECDF28410DE90036ABA0 /* DashboardResources.swift in Sources */,
				CF09F36E2860C24900AFDBA6 /* CommonResources.swift in Sources */,
				CF30ECBB283FBA290036ABA0 /* DashboardViewModel.swift in Sources */,
				CFB591E8286F3256005D7009 /* RandomJokeViewModel.swift in Sources */,
				CF577E972865AF5400E2D519 /* GetRandomJokeUseCase.swift in Sources */,
				CFA5AE0A28746A03007C068B /* Loading.swift in Sources */,
				CFB591BB286C6D47005D7009 /* RandomJokeDataModel.swift in Sources */,
				CF3F61482858C30700238772 /* ViewModel.swift in Sources */,
				CF93AB0E287D6B1500903ED9 /* Constants.swift in Sources */,
				CF30ECE9284119740036ABA0 /* DashboardViewProvider.swift in Sources */,
				CF210EE828450FD000C1D35D /* AppViewProvider.swift in Sources */,
				CF30ECBF283FBFC00036ABA0 /* FavoritesView.swift in Sources */,
				CF577E9D2865F82800E2D519 /* RandomJokeDomainModel.swift in Sources */,
				CFB591BE286C6E1C005D7009 /* RandomJokeMockDataSource.swift in Sources */,
				CF210EEA284510CF00C1D35D /* ViewProvider.swift in Sources */,
				CF30ECCA2840E3460036ABA0 /* DashboardMenuListItem.swift in Sources */,
				ACBF583627EB71AD006F021A /* DadJokesApp.swift in Sources */,
			);
			runOnlyForDeploymentPostprocessing = 0;
		};
		CF577E2E28631F0000E2D519 /* Sources */ = {
			isa = PBXSourcesBuildPhase;
			buildActionMask = 2147483647;
			files = (
				CF577E422863209400E2D519 /* DashboardUITests.swift in Sources */,
				CF577E92286332AE00E2D519 /* FavoritesResources.swift in Sources */,
				CF577E94286332AE00E2D519 /* CommonResources.swift in Sources */,
				CFDE382C2891794800E2DC47 /* UITestConstants.swift in Sources */,
				CF577E93286332AE00E2D519 /* RandomJokeResources.swift in Sources */,
				CF577E8F2863242C00E2D519 /* AppUITests.swift in Sources */,
				CFDE38262890355A00E2DC47 /* RandomJokeUITests.swift in Sources */,
				CF577E91286332AE00E2D519 /* DashboardResources.swift in Sources */,
				CFDE382D28917A9600E2DC47 /* Constants.swift in Sources */,
			);
			runOnlyForDeploymentPostprocessing = 0;
		};
		CFB591BF286DDFBB005D7009 /* Sources */ = {
			isa = PBXSourcesBuildPhase;
			buildActionMask = 2147483647;
			files = (
				CF93AB1A287EFCD000903ED9 /* NetworkingTestMock.swift in Sources */,
				CF93AB16287EF94F00903ED9 /* GetRandomJokeUseCaseTestMock.swift in Sources */,
				CF93AB11287DAC6900903ED9 /* RandomJokeDataSourceTestMock.swift in Sources */,
				CF93AB13287EF90300903ED9 /* RandomJokeViewModelTests.swift in Sources */,
				CFB591CE286DE09E005D7009 /* GetRandomJokeUseCaseTests.swift in Sources */,
				CFB591D5286DFA55005D7009 /* ErrorMock.swift in Sources */,
				CFB591D2286DE209005D7009 /* TestMocks+Injection.swift in Sources */,
			);
			runOnlyForDeploymentPostprocessing = 0;
		};
/* End PBXSourcesBuildPhase section */

/* Begin PBXTargetDependency section */
		CF577E3928631F0000E2D519 /* PBXTargetDependency */ = {
			isa = PBXTargetDependency;
			target = ACBF583127EB71AD006F021A /* DadJokes */;
			targetProxy = CF577E3828631F0000E2D519 /* PBXContainerItemProxy */;
		};
		CFB591C8286DDFBB005D7009 /* PBXTargetDependency */ = {
			isa = PBXTargetDependency;
			target = ACBF583127EB71AD006F021A /* DadJokes */;
			targetProxy = CFB591C7286DDFBB005D7009 /* PBXContainerItemProxy */;
		};
/* End PBXTargetDependency section */

/* Begin XCBuildConfiguration section */
		ACBF585427EB71AF006F021A /* Debug */ = {
			isa = XCBuildConfiguration;
			buildSettings = {
				ALWAYS_SEARCH_USER_PATHS = NO;
				CLANG_ANALYZER_NONNULL = YES;
				CLANG_ANALYZER_NUMBER_OBJECT_CONVERSION = YES_AGGRESSIVE;
				CLANG_CXX_LANGUAGE_STANDARD = "gnu++17";
				CLANG_CXX_LIBRARY = "libc++";
				CLANG_ENABLE_MODULES = YES;
				CLANG_ENABLE_OBJC_ARC = YES;
				CLANG_ENABLE_OBJC_WEAK = YES;
				CLANG_WARN_BLOCK_CAPTURE_AUTORELEASING = YES;
				CLANG_WARN_BOOL_CONVERSION = YES;
				CLANG_WARN_COMMA = YES;
				CLANG_WARN_CONSTANT_CONVERSION = YES;
				CLANG_WARN_DEPRECATED_OBJC_IMPLEMENTATIONS = YES;
				CLANG_WARN_DIRECT_OBJC_ISA_USAGE = YES_ERROR;
				CLANG_WARN_DOCUMENTATION_COMMENTS = YES;
				CLANG_WARN_EMPTY_BODY = YES;
				CLANG_WARN_ENUM_CONVERSION = YES;
				CLANG_WARN_INFINITE_RECURSION = YES;
				CLANG_WARN_INT_CONVERSION = YES;
				CLANG_WARN_NON_LITERAL_NULL_CONVERSION = YES;
				CLANG_WARN_OBJC_IMPLICIT_RETAIN_SELF = YES;
				CLANG_WARN_OBJC_LITERAL_CONVERSION = YES;
				CLANG_WARN_OBJC_ROOT_CLASS = YES_ERROR;
				CLANG_WARN_QUOTED_INCLUDE_IN_FRAMEWORK_HEADER = YES;
				CLANG_WARN_RANGE_LOOP_ANALYSIS = YES;
				CLANG_WARN_STRICT_PROTOTYPES = YES;
				CLANG_WARN_SUSPICIOUS_MOVE = YES;
				CLANG_WARN_UNGUARDED_AVAILABILITY = YES_AGGRESSIVE;
				CLANG_WARN_UNREACHABLE_CODE = YES;
				CLANG_WARN__DUPLICATE_METHOD_MATCH = YES;
				COPY_PHASE_STRIP = NO;
				DEBUG_INFORMATION_FORMAT = dwarf;
				ENABLE_STRICT_OBJC_MSGSEND = YES;
				ENABLE_TESTABILITY = YES;
				GCC_C_LANGUAGE_STANDARD = gnu11;
				GCC_DYNAMIC_NO_PIC = NO;
				GCC_NO_COMMON_BLOCKS = YES;
				GCC_OPTIMIZATION_LEVEL = 0;
				GCC_PREPROCESSOR_DEFINITIONS = (
					"DEBUG=1",
					"$(inherited)",
				);
				GCC_WARN_64_TO_32_BIT_CONVERSION = YES;
				GCC_WARN_ABOUT_RETURN_TYPE = YES_ERROR;
				GCC_WARN_UNDECLARED_SELECTOR = YES;
				GCC_WARN_UNINITIALIZED_AUTOS = YES_AGGRESSIVE;
				GCC_WARN_UNUSED_FUNCTION = YES;
				GCC_WARN_UNUSED_VARIABLE = YES;
				IPHONEOS_DEPLOYMENT_TARGET = 15.2;
				MTL_ENABLE_DEBUG_INFO = INCLUDE_SOURCE;
				MTL_FAST_MATH = YES;
				ONLY_ACTIVE_ARCH = YES;
				SDKROOT = iphoneos;
				SWIFT_ACTIVE_COMPILATION_CONDITIONS = DEBUG;
				SWIFT_OPTIMIZATION_LEVEL = "-Onone";
			};
			name = Debug;
		};
		ACBF585527EB71AF006F021A /* Release */ = {
			isa = XCBuildConfiguration;
			buildSettings = {
				ALWAYS_SEARCH_USER_PATHS = NO;
				CLANG_ANALYZER_NONNULL = YES;
				CLANG_ANALYZER_NUMBER_OBJECT_CONVERSION = YES_AGGRESSIVE;
				CLANG_CXX_LANGUAGE_STANDARD = "gnu++17";
				CLANG_CXX_LIBRARY = "libc++";
				CLANG_ENABLE_MODULES = YES;
				CLANG_ENABLE_OBJC_ARC = YES;
				CLANG_ENABLE_OBJC_WEAK = YES;
				CLANG_WARN_BLOCK_CAPTURE_AUTORELEASING = YES;
				CLANG_WARN_BOOL_CONVERSION = YES;
				CLANG_WARN_COMMA = YES;
				CLANG_WARN_CONSTANT_CONVERSION = YES;
				CLANG_WARN_DEPRECATED_OBJC_IMPLEMENTATIONS = YES;
				CLANG_WARN_DIRECT_OBJC_ISA_USAGE = YES_ERROR;
				CLANG_WARN_DOCUMENTATION_COMMENTS = YES;
				CLANG_WARN_EMPTY_BODY = YES;
				CLANG_WARN_ENUM_CONVERSION = YES;
				CLANG_WARN_INFINITE_RECURSION = YES;
				CLANG_WARN_INT_CONVERSION = YES;
				CLANG_WARN_NON_LITERAL_NULL_CONVERSION = YES;
				CLANG_WARN_OBJC_IMPLICIT_RETAIN_SELF = YES;
				CLANG_WARN_OBJC_LITERAL_CONVERSION = YES;
				CLANG_WARN_OBJC_ROOT_CLASS = YES_ERROR;
				CLANG_WARN_QUOTED_INCLUDE_IN_FRAMEWORK_HEADER = YES;
				CLANG_WARN_RANGE_LOOP_ANALYSIS = YES;
				CLANG_WARN_STRICT_PROTOTYPES = YES;
				CLANG_WARN_SUSPICIOUS_MOVE = YES;
				CLANG_WARN_UNGUARDED_AVAILABILITY = YES_AGGRESSIVE;
				CLANG_WARN_UNREACHABLE_CODE = YES;
				CLANG_WARN__DUPLICATE_METHOD_MATCH = YES;
				COPY_PHASE_STRIP = NO;
				DEBUG_INFORMATION_FORMAT = "dwarf-with-dsym";
				ENABLE_NS_ASSERTIONS = NO;
				ENABLE_STRICT_OBJC_MSGSEND = YES;
				GCC_C_LANGUAGE_STANDARD = gnu11;
				GCC_NO_COMMON_BLOCKS = YES;
				GCC_WARN_64_TO_32_BIT_CONVERSION = YES;
				GCC_WARN_ABOUT_RETURN_TYPE = YES_ERROR;
				GCC_WARN_UNDECLARED_SELECTOR = YES;
				GCC_WARN_UNINITIALIZED_AUTOS = YES_AGGRESSIVE;
				GCC_WARN_UNUSED_FUNCTION = YES;
				GCC_WARN_UNUSED_VARIABLE = YES;
				IPHONEOS_DEPLOYMENT_TARGET = 15.2;
				MTL_ENABLE_DEBUG_INFO = NO;
				MTL_FAST_MATH = YES;
				SDKROOT = iphoneos;
				SWIFT_COMPILATION_MODE = wholemodule;
				SWIFT_OPTIMIZATION_LEVEL = "-O";
				VALIDATE_PRODUCT = YES;
			};
			name = Release;
		};
		ACBF585727EB71AF006F021A /* Debug */ = {
			isa = XCBuildConfiguration;
			buildSettings = {
				ASSETCATALOG_COMPILER_APPICON_NAME = AppIcon;
				ASSETCATALOG_COMPILER_GLOBAL_ACCENT_COLOR_NAME = AccentColor;
				CODE_SIGN_STYLE = Automatic;
				CURRENT_PROJECT_VERSION = 1;
				DEVELOPMENT_ASSET_PATHS = "\"DadJokes/Preview Content\"";
				DEVELOPMENT_TEAM = 56M5PADWP6;
				ENABLE_PREVIEWS = YES;
				GENERATE_INFOPLIST_FILE = YES;
				INFOPLIST_KEY_UIApplicationSceneManifest_Generation = YES;
				INFOPLIST_KEY_UIApplicationSupportsIndirectInputEvents = YES;
				INFOPLIST_KEY_UILaunchScreen_Generation = YES;
				INFOPLIST_KEY_UISupportedInterfaceOrientations_iPad = "UIInterfaceOrientationPortrait UIInterfaceOrientationPortraitUpsideDown UIInterfaceOrientationLandscapeLeft UIInterfaceOrientationLandscapeRight";
				INFOPLIST_KEY_UISupportedInterfaceOrientations_iPhone = "UIInterfaceOrientationPortrait UIInterfaceOrientationLandscapeLeft UIInterfaceOrientationLandscapeRight";
				LD_RUNPATH_SEARCH_PATHS = (
					"$(inherited)",
					"@executable_path/Frameworks",
				);
				MARKETING_VERSION = 1.0;
				PRODUCT_BUNDLE_IDENTIFIER = hu.somalimbek.dadjokes;
				PRODUCT_NAME = DadJokes;
				SWIFT_EMIT_LOC_STRINGS = YES;
				SWIFT_VERSION = 5.0;
				TARGETED_DEVICE_FAMILY = "1,2";
			};
			name = Debug;
		};
		ACBF585827EB71AF006F021A /* Release */ = {
			isa = XCBuildConfiguration;
			buildSettings = {
				ASSETCATALOG_COMPILER_APPICON_NAME = AppIcon;
				ASSETCATALOG_COMPILER_GLOBAL_ACCENT_COLOR_NAME = AccentColor;
				CODE_SIGN_STYLE = Automatic;
				CURRENT_PROJECT_VERSION = 1;
				DEVELOPMENT_ASSET_PATHS = "\"DadJokes/Preview Content\"";
				DEVELOPMENT_TEAM = 56M5PADWP6;
				ENABLE_PREVIEWS = YES;
				GENERATE_INFOPLIST_FILE = YES;
				INFOPLIST_KEY_UIApplicationSceneManifest_Generation = YES;
				INFOPLIST_KEY_UIApplicationSupportsIndirectInputEvents = YES;
				INFOPLIST_KEY_UILaunchScreen_Generation = YES;
				INFOPLIST_KEY_UISupportedInterfaceOrientations_iPad = "UIInterfaceOrientationPortrait UIInterfaceOrientationPortraitUpsideDown UIInterfaceOrientationLandscapeLeft UIInterfaceOrientationLandscapeRight";
				INFOPLIST_KEY_UISupportedInterfaceOrientations_iPhone = "UIInterfaceOrientationPortrait UIInterfaceOrientationLandscapeLeft UIInterfaceOrientationLandscapeRight";
				LD_RUNPATH_SEARCH_PATHS = (
					"$(inherited)",
					"@executable_path/Frameworks",
				);
				MARKETING_VERSION = 1.0;
				PRODUCT_BUNDLE_IDENTIFIER = hu.somalimbek.dadjokes;
				PRODUCT_NAME = DadJokes;
				SWIFT_EMIT_LOC_STRINGS = YES;
				SWIFT_VERSION = 5.0;
				TARGETED_DEVICE_FAMILY = "1,2";
			};
			name = Release;
		};
		CF577E3A28631F0000E2D519 /* Debug */ = {
			isa = XCBuildConfiguration;
			buildSettings = {
				CLANG_ENABLE_MODULES = YES;
				CODE_SIGN_STYLE = Automatic;
				CURRENT_PROJECT_VERSION = 1;
				DEVELOPMENT_TEAM = 56M5PADWP6;
				GENERATE_INFOPLIST_FILE = YES;
				IPHONEOS_DEPLOYMENT_TARGET = 15.4;
				LD_RUNPATH_SEARCH_PATHS = (
					"$(inherited)",
					"@executable_path/Frameworks",
					"@loader_path/Frameworks",
				);
				MARKETING_VERSION = 1.0;
				PRODUCT_BUNDLE_IDENTIFIER = hu.somalimbek.DadJokesUITests;
				PRODUCT_NAME = "$(TARGET_NAME)";
				SWIFT_EMIT_LOC_STRINGS = NO;
				SWIFT_INSTALL_OBJC_HEADER = YES;
				SWIFT_OPTIMIZATION_LEVEL = "-Onone";
				SWIFT_VERSION = 5.0;
				TARGETED_DEVICE_FAMILY = "1,2";
				TEST_TARGET_NAME = DadJokes;
			};
			name = Debug;
		};
		CF577E3B28631F0000E2D519 /* Release */ = {
			isa = XCBuildConfiguration;
			buildSettings = {
				CLANG_ENABLE_MODULES = YES;
				CODE_SIGN_STYLE = Automatic;
				CURRENT_PROJECT_VERSION = 1;
				DEVELOPMENT_TEAM = 56M5PADWP6;
				GENERATE_INFOPLIST_FILE = YES;
				IPHONEOS_DEPLOYMENT_TARGET = 15.4;
				LD_RUNPATH_SEARCH_PATHS = (
					"$(inherited)",
					"@executable_path/Frameworks",
					"@loader_path/Frameworks",
				);
				MARKETING_VERSION = 1.0;
				PRODUCT_BUNDLE_IDENTIFIER = hu.somalimbek.DadJokesUITests;
				PRODUCT_NAME = "$(TARGET_NAME)";
				SWIFT_EMIT_LOC_STRINGS = NO;
				SWIFT_INSTALL_OBJC_HEADER = YES;
				SWIFT_VERSION = 5.0;
				TARGETED_DEVICE_FAMILY = "1,2";
				TEST_TARGET_NAME = DadJokes;
			};
			name = Release;
		};
		CFB591CA286DDFBB005D7009 /* Debug */ = {
			isa = XCBuildConfiguration;
			buildSettings = {
				BUNDLE_LOADER = "$(TEST_HOST)";
				CLANG_ENABLE_MODULES = YES;
				CODE_SIGN_STYLE = Automatic;
				CURRENT_PROJECT_VERSION = 1;
				DEVELOPMENT_TEAM = 56M5PADWP6;
				GENERATE_INFOPLIST_FILE = YES;
				IPHONEOS_DEPLOYMENT_TARGET = 15.4;
				LD_RUNPATH_SEARCH_PATHS = (
					"$(inherited)",
					"@executable_path/Frameworks",
					"@loader_path/Frameworks",
				);
				MARKETING_VERSION = 1.0;
				PRODUCT_BUNDLE_IDENTIFIER = hu.somalimbek.DadJokesTests;
				PRODUCT_NAME = "$(TARGET_NAME)";
				SWIFT_EMIT_LOC_STRINGS = NO;
				SWIFT_OPTIMIZATION_LEVEL = "-Onone";
				SWIFT_VERSION = 5.0;
				TARGETED_DEVICE_FAMILY = "1,2";
				TEST_HOST = "$(BUILT_PRODUCTS_DIR)/DadJokes.app/DadJokes";
			};
			name = Debug;
		};
		CFB591CB286DDFBB005D7009 /* Release */ = {
			isa = XCBuildConfiguration;
			buildSettings = {
				BUNDLE_LOADER = "$(TEST_HOST)";
				CLANG_ENABLE_MODULES = YES;
				CODE_SIGN_STYLE = Automatic;
				CURRENT_PROJECT_VERSION = 1;
				DEVELOPMENT_TEAM = 56M5PADWP6;
				GENERATE_INFOPLIST_FILE = YES;
				IPHONEOS_DEPLOYMENT_TARGET = 15.4;
				LD_RUNPATH_SEARCH_PATHS = (
					"$(inherited)",
					"@executable_path/Frameworks",
					"@loader_path/Frameworks",
				);
				MARKETING_VERSION = 1.0;
				PRODUCT_BUNDLE_IDENTIFIER = hu.somalimbek.DadJokesTests;
				PRODUCT_NAME = "$(TARGET_NAME)";
				SWIFT_EMIT_LOC_STRINGS = NO;
				SWIFT_VERSION = 5.0;
				TARGETED_DEVICE_FAMILY = "1,2";
				TEST_HOST = "$(BUILT_PRODUCTS_DIR)/DadJokes.app/DadJokes";
			};
			name = Release;
		};
/* End XCBuildConfiguration section */

/* Begin XCConfigurationList section */
		ACBF582D27EB71AD006F021A /* Build configuration list for PBXProject "DadJokes" */ = {
			isa = XCConfigurationList;
			buildConfigurations = (
				ACBF585427EB71AF006F021A /* Debug */,
				ACBF585527EB71AF006F021A /* Release */,
			);
			defaultConfigurationIsVisible = 0;
			defaultConfigurationName = Release;
		};
		ACBF585627EB71AF006F021A /* Build configuration list for PBXNativeTarget "DadJokes" */ = {
			isa = XCConfigurationList;
			buildConfigurations = (
				ACBF585727EB71AF006F021A /* Debug */,
				ACBF585827EB71AF006F021A /* Release */,
			);
			defaultConfigurationIsVisible = 0;
			defaultConfigurationName = Release;
		};
		CF577E3C28631F0000E2D519 /* Build configuration list for PBXNativeTarget "DadJokesUITests" */ = {
			isa = XCConfigurationList;
			buildConfigurations = (
				CF577E3A28631F0000E2D519 /* Debug */,
				CF577E3B28631F0000E2D519 /* Release */,
			);
			defaultConfigurationIsVisible = 0;
			defaultConfigurationName = Release;
		};
		CFB591C9286DDFBB005D7009 /* Build configuration list for PBXNativeTarget "DadJokesTests" */ = {
			isa = XCConfigurationList;
			buildConfigurations = (
				CFB591CA286DDFBB005D7009 /* Debug */,
				CFB591CB286DDFBB005D7009 /* Release */,
			);
			defaultConfigurationIsVisible = 0;
			defaultConfigurationName = Release;
		};
/* End XCConfigurationList section */

/* Begin XCRemoteSwiftPackageReference section */
		CF577E142861F72400E2D519 /* XCRemoteSwiftPackageReference "Resolver" */ = {
			isa = XCRemoteSwiftPackageReference;
			repositoryURL = "https://github.com/hmlongco/Resolver";
			requirement = {
				kind = upToNextMinorVersion;
				minimumVersion = 1.5.0;
			};
		};
/* End XCRemoteSwiftPackageReference section */

/* Begin XCSwiftPackageProductDependency section */
		CF577E152861F72400E2D519 /* Resolver */ = {
			isa = XCSwiftPackageProductDependency;
			package = CF577E142861F72400E2D519 /* XCRemoteSwiftPackageReference "Resolver" */;
			productName = Resolver;
		};
/* End XCSwiftPackageProductDependency section */
	};
	rootObject = ACBF582A27EB71AD006F021A /* Project object */;
}
