// !$*UTF8*$!
{
	archiveVersion = 1;
	classes = {
	};
	objectVersion = 55;
	objects = {

/* Begin PBXBuildFile section */
		ACBF583627EB71AD006F021A /* DadJokesApp.swift in Sources */ = {isa = PBXBuildFile; fileRef = ACBF583527EB71AD006F021A /* DadJokesApp.swift */; };
		ACBF583A27EB71AF006F021A /* Assets.xcassets in Resources */ = {isa = PBXBuildFile; fileRef = ACBF583927EB71AF006F021A /* Assets.xcassets */; };
		ACBF583D27EB71AF006F021A /* Preview Assets.xcassets in Resources */ = {isa = PBXBuildFile; fileRef = ACBF583C27EB71AF006F021A /* Preview Assets.xcassets */; };
		ACBF584727EB71AF006F021A /* DadJokesTests.swift in Sources */ = {isa = PBXBuildFile; fileRef = ACBF584627EB71AF006F021A /* DadJokesTests.swift */; };
		CF210EE828450FD000C1D35D /* AppViewProvider.swift in Sources */ = {isa = PBXBuildFile; fileRef = CF210EE728450FD000C1D35D /* AppViewProvider.swift */; };
		CF210EEA284510CF00C1D35D /* ViewProvider.swift in Sources */ = {isa = PBXBuildFile; fileRef = CF210EE9284510CF00C1D35D /* ViewProvider.swift */; };
		CF210EF02845144000C1D35D /* FavoritesViewProvider.swift in Sources */ = {isa = PBXBuildFile; fileRef = CF210EEF2845144000C1D35D /* FavoritesViewProvider.swift */; };
		CF210EF22845147F00C1D35D /* RandomJokeViewProvider.swift in Sources */ = {isa = PBXBuildFile; fileRef = CF210EF12845147F00C1D35D /* RandomJokeViewProvider.swift */; };
		CF30ECB9283FBA190036ABA0 /* DashboardView.swift in Sources */ = {isa = PBXBuildFile; fileRef = CF30ECB8283FBA190036ABA0 /* DashboardView.swift */; };
		CF30ECBB283FBA290036ABA0 /* DashboardViewModel.swift in Sources */ = {isa = PBXBuildFile; fileRef = CF30ECBA283FBA290036ABA0 /* DashboardViewModel.swift */; };
		CF30ECBF283FBFC00036ABA0 /* FavoritesView.swift in Sources */ = {isa = PBXBuildFile; fileRef = CF30ECBE283FBFC00036ABA0 /* FavoritesView.swift */; };
		CF30ECC3283FBFE50036ABA0 /* RandomJokeView.swift in Sources */ = {isa = PBXBuildFile; fileRef = CF30ECC2283FBFE50036ABA0 /* RandomJokeView.swift */; };
		CF30ECC6283FCBBC0036ABA0 /* View+Extensions.swift in Sources */ = {isa = PBXBuildFile; fileRef = CF30ECC5283FCBBC0036ABA0 /* View+Extensions.swift */; };
		CF30ECCA2840E3460036ABA0 /* DashboardMenuListItem.swift in Sources */ = {isa = PBXBuildFile; fileRef = CF30ECC92840E3460036ABA0 /* DashboardMenuListItem.swift */; };
		CF30ECDF28410DE90036ABA0 /* DashboardResources.swift in Sources */ = {isa = PBXBuildFile; fileRef = CF30ECDE28410DE90036ABA0 /* DashboardResources.swift */; };
		CF30ECE328410E540036ABA0 /* FavoritesResources.swift in Sources */ = {isa = PBXBuildFile; fileRef = CF30ECE228410E540036ABA0 /* FavoritesResources.swift */; };
		CF30ECE728410F440036ABA0 /* RandomJokeResources.swift in Sources */ = {isa = PBXBuildFile; fileRef = CF30ECE628410F440036ABA0 /* RandomJokeResources.swift */; };
		CF30ECE9284119740036ABA0 /* DashboardViewProvider.swift in Sources */ = {isa = PBXBuildFile; fileRef = CF30ECE8284119740036ABA0 /* DashboardViewProvider.swift */; };
		CF3F61482858C30700238772 /* ViewModel.swift in Sources */ = {isa = PBXBuildFile; fileRef = CF3F61472858C30700238772 /* ViewModel.swift */; };
		CF3F614B2858C5DD00238772 /* Resolver in Frameworks */ = {isa = PBXBuildFile; productRef = CF3F614A2858C5DD00238772 /* Resolver */; };
		CF3F614F2858C62500238772 /* App+Injection.swift in Sources */ = {isa = PBXBuildFile; fileRef = CF3F614E2858C62500238772 /* App+Injection.swift */; };
		CF3F61522858C7F100238772 /* Dashboard+Injection.swift in Sources */ = {isa = PBXBuildFile; fileRef = CF3F61512858C7F100238772 /* Dashboard+Injection.swift */; };
		CF3F61552858C9AB00238772 /* Favorites+Injection.swift in Sources */ = {isa = PBXBuildFile; fileRef = CF3F61542858C9AB00238772 /* Favorites+Injection.swift */; };
		CF3F61582858CA8B00238772 /* RandomJoke+Injection.swift in Sources */ = {isa = PBXBuildFile; fileRef = CF3F61572858CA8B00238772 /* RandomJoke+Injection.swift */; };
		CF3F615D285B526D00238772 /* Common+Injection.swift in Sources */ = {isa = PBXBuildFile; fileRef = CF3F615C285B526D00238772 /* Common+Injection.swift */; };
		CF3F615F285B66B000238772 /* Destination.swift in Sources */ = {isa = PBXBuildFile; fileRef = CF3F615E285B66B000238772 /* Destination.swift */; };
/* End PBXBuildFile section */

/* Begin PBXContainerItemProxy section */
		ACBF584327EB71AF006F021A /* PBXContainerItemProxy */ = {
			isa = PBXContainerItemProxy;
			containerPortal = ACBF582A27EB71AD006F021A /* Project object */;
			proxyType = 1;
			remoteGlobalIDString = ACBF583127EB71AD006F021A;
			remoteInfo = DadJokes;
		};
/* End PBXContainerItemProxy section */

/* Begin PBXFileReference section */
		ACBF583227EB71AD006F021A /* DadJokes.app */ = {isa = PBXFileReference; explicitFileType = wrapper.application; includeInIndex = 0; path = DadJokes.app; sourceTree = BUILT_PRODUCTS_DIR; };
		ACBF583527EB71AD006F021A /* DadJokesApp.swift */ = {isa = PBXFileReference; lastKnownFileType = sourcecode.swift; path = DadJokesApp.swift; sourceTree = "<group>"; };
		ACBF583927EB71AF006F021A /* Assets.xcassets */ = {isa = PBXFileReference; lastKnownFileType = folder.assetcatalog; path = Assets.xcassets; sourceTree = "<group>"; };
		ACBF583C27EB71AF006F021A /* Preview Assets.xcassets */ = {isa = PBXFileReference; lastKnownFileType = folder.assetcatalog; path = "Preview Assets.xcassets"; sourceTree = "<group>"; };
		ACBF584227EB71AF006F021A /* DadJokesTests.xctest */ = {isa = PBXFileReference; explicitFileType = wrapper.cfbundle; includeInIndex = 0; path = DadJokesTests.xctest; sourceTree = BUILT_PRODUCTS_DIR; };
		ACBF584627EB71AF006F021A /* DadJokesTests.swift */ = {isa = PBXFileReference; lastKnownFileType = sourcecode.swift; path = DadJokesTests.swift; sourceTree = "<group>"; };
		CF210EE728450FD000C1D35D /* AppViewProvider.swift */ = {isa = PBXFileReference; lastKnownFileType = sourcecode.swift; path = AppViewProvider.swift; sourceTree = "<group>"; };
		CF210EE9284510CF00C1D35D /* ViewProvider.swift */ = {isa = PBXFileReference; lastKnownFileType = sourcecode.swift; path = ViewProvider.swift; sourceTree = "<group>"; };
		CF210EEF2845144000C1D35D /* FavoritesViewProvider.swift */ = {isa = PBXFileReference; lastKnownFileType = sourcecode.swift; path = FavoritesViewProvider.swift; sourceTree = "<group>"; };
		CF210EF12845147F00C1D35D /* RandomJokeViewProvider.swift */ = {isa = PBXFileReference; lastKnownFileType = sourcecode.swift; path = RandomJokeViewProvider.swift; sourceTree = "<group>"; };
		CF30ECB8283FBA190036ABA0 /* DashboardView.swift */ = {isa = PBXFileReference; lastKnownFileType = sourcecode.swift; path = DashboardView.swift; sourceTree = "<group>"; };
		CF30ECBA283FBA290036ABA0 /* DashboardViewModel.swift */ = {isa = PBXFileReference; lastKnownFileType = sourcecode.swift; path = DashboardViewModel.swift; sourceTree = "<group>"; };
		CF30ECBE283FBFC00036ABA0 /* FavoritesView.swift */ = {isa = PBXFileReference; lastKnownFileType = sourcecode.swift; path = FavoritesView.swift; sourceTree = "<group>"; };
		CF30ECC2283FBFE50036ABA0 /* RandomJokeView.swift */ = {isa = PBXFileReference; lastKnownFileType = sourcecode.swift; path = RandomJokeView.swift; sourceTree = "<group>"; };
		CF30ECC5283FCBBC0036ABA0 /* View+Extensions.swift */ = {isa = PBXFileReference; lastKnownFileType = sourcecode.swift; path = "View+Extensions.swift"; sourceTree = "<group>"; };
		CF30ECC92840E3460036ABA0 /* DashboardMenuListItem.swift */ = {isa = PBXFileReference; lastKnownFileType = sourcecode.swift; path = DashboardMenuListItem.swift; sourceTree = "<group>"; };
		CF30ECDE28410DE90036ABA0 /* DashboardResources.swift */ = {isa = PBXFileReference; lastKnownFileType = sourcecode.swift; path = DashboardResources.swift; sourceTree = "<group>"; };
		CF30ECE228410E540036ABA0 /* FavoritesResources.swift */ = {isa = PBXFileReference; lastKnownFileType = sourcecode.swift; path = FavoritesResources.swift; sourceTree = "<group>"; };
		CF30ECE628410F440036ABA0 /* RandomJokeResources.swift */ = {isa = PBXFileReference; lastKnownFileType = sourcecode.swift; path = RandomJokeResources.swift; sourceTree = "<group>"; };
		CF30ECE8284119740036ABA0 /* DashboardViewProvider.swift */ = {isa = PBXFileReference; lastKnownFileType = sourcecode.swift; path = DashboardViewProvider.swift; sourceTree = "<group>"; };
		CF3F61472858C30700238772 /* ViewModel.swift */ = {isa = PBXFileReference; lastKnownFileType = sourcecode.swift; path = ViewModel.swift; sourceTree = "<group>"; };
		CF3F614E2858C62500238772 /* App+Injection.swift */ = {isa = PBXFileReference; lastKnownFileType = sourcecode.swift; path = "App+Injection.swift"; sourceTree = "<group>"; };
		CF3F61512858C7F100238772 /* Dashboard+Injection.swift */ = {isa = PBXFileReference; lastKnownFileType = sourcecode.swift; path = "Dashboard+Injection.swift"; sourceTree = "<group>"; };
		CF3F61542858C9AB00238772 /* Favorites+Injection.swift */ = {isa = PBXFileReference; lastKnownFileType = sourcecode.swift; path = "Favorites+Injection.swift"; sourceTree = "<group>"; };
		CF3F61572858CA8B00238772 /* RandomJoke+Injection.swift */ = {isa = PBXFileReference; lastKnownFileType = sourcecode.swift; path = "RandomJoke+Injection.swift"; sourceTree = "<group>"; };
		CF3F615C285B526D00238772 /* Common+Injection.swift */ = {isa = PBXFileReference; lastKnownFileType = sourcecode.swift; path = "Common+Injection.swift"; sourceTree = "<group>"; };
		CF3F615E285B66B000238772 /* Destination.swift */ = {isa = PBXFileReference; lastKnownFileType = sourcecode.swift; path = Destination.swift; sourceTree = "<group>"; };
/* End PBXFileReference section */

/* Begin PBXFrameworksBuildPhase section */
		ACBF582F27EB71AD006F021A /* Frameworks */ = {
			isa = PBXFrameworksBuildPhase;
			buildActionMask = 2147483647;
			files = (
				CF3F614B2858C5DD00238772 /* Resolver in Frameworks */,
			);
			runOnlyForDeploymentPostprocessing = 0;
		};
		ACBF583F27EB71AF006F021A /* Frameworks */ = {
			isa = PBXFrameworksBuildPhase;
			buildActionMask = 2147483647;
			files = (
			);
			runOnlyForDeploymentPostprocessing = 0;
		};
/* End PBXFrameworksBuildPhase section */

/* Begin PBXGroup section */
		ACBF582927EB71AD006F021A = {
			isa = PBXGroup;
			children = (
				ACBF583427EB71AD006F021A /* DadJokes */,
				ACBF584527EB71AF006F021A /* DadJokesTests */,
				ACBF583327EB71AD006F021A /* Products */,
			);
			sourceTree = "<group>";
		};
		ACBF583327EB71AD006F021A /* Products */ = {
			isa = PBXGroup;
			children = (
				ACBF583227EB71AD006F021A /* DadJokes.app */,
				ACBF584227EB71AF006F021A /* DadJokesTests.xctest */,
			);
			name = Products;
			sourceTree = "<group>";
		};
		ACBF583427EB71AD006F021A /* DadJokes */ = {
			isa = PBXGroup;
			children = (
				CF30ECAB283FADA00036ABA0 /* App */,
				CF30ECC4283FC8DB0036ABA0 /* Common */,
				CF30ECAE283FB3260036ABA0 /* Features */,
				CF30ECCB2840E9700036ABA0 /* Resources */,
				ACBF583B27EB71AF006F021A /* Preview Content */,
			);
			path = DadJokes;
			sourceTree = "<group>";
		};
		ACBF583B27EB71AF006F021A /* Preview Content */ = {
			isa = PBXGroup;
			children = (
				ACBF583C27EB71AF006F021A /* Preview Assets.xcassets */,
			);
			path = "Preview Content";
			sourceTree = "<group>";
		};
		ACBF584527EB71AF006F021A /* DadJokesTests */ = {
			isa = PBXGroup;
			children = (
				ACBF584627EB71AF006F021A /* DadJokesTests.swift */,
			);
			path = DadJokesTests;
			sourceTree = "<group>";
		};
		CF210EEB284510D300C1D35D /* Presentation */ = {
			isa = PBXGroup;
			children = (
				CF3F615E285B66B000238772 /* Destination.swift */,
				CF3F61472858C30700238772 /* ViewModel.swift */,
				CF210EE9284510CF00C1D35D /* ViewProvider.swift */,
			);
			path = Presentation;
			sourceTree = "<group>";
		};
		CF30ECAB283FADA00036ABA0 /* App */ = {
			isa = PBXGroup;
			children = (
				ACBF583527EB71AD006F021A /* DadJokesApp.swift */,
				CF3F614E2858C62500238772 /* App+Injection.swift */,
				CF210EE728450FD000C1D35D /* AppViewProvider.swift */,
			);
			path = App;
			sourceTree = "<group>";
		};
		CF30ECAE283FB3260036ABA0 /* Features */ = {
			isa = PBXGroup;
			children = (
				CF30ECAF283FB3350036ABA0 /* Dashboard */,
				CF30ECBD283FBFA00036ABA0 /* Favorites */,
				CF30ECBC283FBF8C0036ABA0 /* RandomJoke */,
			);
			path = Features;
			sourceTree = "<group>";
		};
		CF30ECAF283FB3350036ABA0 /* Dashboard */ = {
			isa = PBXGroup;
			children = (
				CF3F61502858C7BD00238772 /* DI */,
				CF30ECB6283FB7100036ABA0 /* Presentation */,
				CF30ECDD28410DDB0036ABA0 /* Resources */,
			);
			path = Dashboard;
			sourceTree = "<group>";
		};
		CF30ECB6283FB7100036ABA0 /* Presentation */ = {
			isa = PBXGroup;
			children = (
				CF30ECC82840E32C0036ABA0 /* Model */,
				CF30ECB8283FBA190036ABA0 /* DashboardView.swift */,
				CF30ECBA283FBA290036ABA0 /* DashboardViewModel.swift */,
				CF30ECE8284119740036ABA0 /* DashboardViewProvider.swift */,
			);
			path = Presentation;
			sourceTree = "<group>";
		};
		CF30ECBC283FBF8C0036ABA0 /* RandomJoke */ = {
			isa = PBXGroup;
			children = (
				CF3F61562858CA7F00238772 /* DI */,
				CF30ECE428410F2C0036ABA0 /* Presentation */,
				CF30ECE528410F320036ABA0 /* Resources */,
			);
			path = RandomJoke;
			sourceTree = "<group>";
		};
		CF30ECBD283FBFA00036ABA0 /* Favorites */ = {
			isa = PBXGroup;
			children = (
				CF3F61532858C99B00238772 /* DI */,
				CF30ECE028410E300036ABA0 /* Presentation */,
				CF30ECE128410E370036ABA0 /* Resources */,
			);
			path = Favorites;
			sourceTree = "<group>";
		};
		CF30ECC4283FC8DB0036ABA0 /* Common */ = {
			isa = PBXGroup;
			children = (
				CF3F615B285B525F00238772 /* DI */,
				CF30ECC7283FCBC20036ABA0 /* Extensions */,
				CF210EEB284510D300C1D35D /* Presentation */,
			);
			path = Common;
			sourceTree = "<group>";
		};
		CF30ECC7283FCBC20036ABA0 /* Extensions */ = {
			isa = PBXGroup;
			children = (
				CF30ECC5283FCBBC0036ABA0 /* View+Extensions.swift */,
			);
			path = Extensions;
			sourceTree = "<group>";
		};
		CF30ECC82840E32C0036ABA0 /* Model */ = {
			isa = PBXGroup;
			children = (
				CF30ECC92840E3460036ABA0 /* DashboardMenuListItem.swift */,
			);
			path = Model;
			sourceTree = "<group>";
		};
		CF30ECCB2840E9700036ABA0 /* Resources */ = {
			isa = PBXGroup;
			children = (
				ACBF583927EB71AF006F021A /* Assets.xcassets */,
			);
			path = Resources;
			sourceTree = "<group>";
		};
		CF30ECDD28410DDB0036ABA0 /* Resources */ = {
			isa = PBXGroup;
			children = (
				CF30ECDE28410DE90036ABA0 /* DashboardResources.swift */,
			);
			path = Resources;
			sourceTree = "<group>";
		};
		CF30ECE028410E300036ABA0 /* Presentation */ = {
			isa = PBXGroup;
			children = (
				CF30ECBE283FBFC00036ABA0 /* FavoritesView.swift */,
				CF210EEF2845144000C1D35D /* FavoritesViewProvider.swift */,
			);
			path = Presentation;
			sourceTree = "<group>";
		};
		CF30ECE128410E370036ABA0 /* Resources */ = {
			isa = PBXGroup;
			children = (
				CF30ECE228410E540036ABA0 /* FavoritesResources.swift */,
			);
			path = Resources;
			sourceTree = "<group>";
		};
		CF30ECE428410F2C0036ABA0 /* Presentation */ = {
			isa = PBXGroup;
			children = (
				CF30ECC2283FBFE50036ABA0 /* RandomJokeView.swift */,
				CF210EF12845147F00C1D35D /* RandomJokeViewProvider.swift */,
			);
			path = Presentation;
			sourceTree = "<group>";
		};
		CF30ECE528410F320036ABA0 /* Resources */ = {
			isa = PBXGroup;
			children = (
				CF30ECE628410F440036ABA0 /* RandomJokeResources.swift */,
			);
			path = Resources;
			sourceTree = "<group>";
		};
		CF3F61502858C7BD00238772 /* DI */ = {
			isa = PBXGroup;
			children = (
				CF3F61512858C7F100238772 /* Dashboard+Injection.swift */,
			);
			path = DI;
			sourceTree = "<group>";
		};
		CF3F61532858C99B00238772 /* DI */ = {
			isa = PBXGroup;
			children = (
				CF3F61542858C9AB00238772 /* Favorites+Injection.swift */,
			);
			path = DI;
			sourceTree = "<group>";
		};
		CF3F61562858CA7F00238772 /* DI */ = {
			isa = PBXGroup;
			children = (
				CF3F61572858CA8B00238772 /* RandomJoke+Injection.swift */,
			);
			path = DI;
			sourceTree = "<group>";
		};
		CF3F615B285B525F00238772 /* DI */ = {
			isa = PBXGroup;
			children = (
				CF3F615C285B526D00238772 /* Common+Injection.swift */,
			);
			path = DI;
			sourceTree = "<group>";
		};
/* End PBXGroup section */

/* Begin PBXNativeTarget section */
		ACBF583127EB71AD006F021A /* DadJokes */ = {
			isa = PBXNativeTarget;
			buildConfigurationList = ACBF585627EB71AF006F021A /* Build configuration list for PBXNativeTarget "DadJokes" */;
			buildPhases = (
				ACBF582E27EB71AD006F021A /* Sources */,
				ACBF582F27EB71AD006F021A /* Frameworks */,
				ACBF583027EB71AD006F021A /* Resources */,
			);
			buildRules = (
			);
			dependencies = (
			);
			name = DadJokes;
			packageProductDependencies = (
				CF3F614A2858C5DD00238772 /* Resolver */,
			);
			productName = DadJokes;
			productReference = ACBF583227EB71AD006F021A /* DadJokes.app */;
			productType = "com.apple.product-type.application";
		};
		ACBF584127EB71AF006F021A /* DadJokesTests */ = {
			isa = PBXNativeTarget;
			buildConfigurationList = ACBF585927EB71AF006F021A /* Build configuration list for PBXNativeTarget "DadJokesTests" */;
			buildPhases = (
				ACBF583E27EB71AF006F021A /* Sources */,
				ACBF583F27EB71AF006F021A /* Frameworks */,
				ACBF584027EB71AF006F021A /* Resources */,
			);
			buildRules = (
			);
			dependencies = (
				ACBF584427EB71AF006F021A /* PBXTargetDependency */,
			);
			name = DadJokesTests;
			productName = DadJokesTests;
			productReference = ACBF584227EB71AF006F021A /* DadJokesTests.xctest */;
			productType = "com.apple.product-type.bundle.unit-test";
		};
/* End PBXNativeTarget section */

/* Begin PBXProject section */
		ACBF582A27EB71AD006F021A /* Project object */ = {
			isa = PBXProject;
			attributes = {
				BuildIndependentTargetsInParallel = 1;
				LastSwiftUpdateCheck = 1320;
				LastUpgradeCheck = 1320;
				TargetAttributes = {
					ACBF583127EB71AD006F021A = {
						CreatedOnToolsVersion = 13.2.1;
					};
					ACBF584127EB71AF006F021A = {
						CreatedOnToolsVersion = 13.2.1;
						TestTargetID = ACBF583127EB71AD006F021A;
					};
				};
			};
			buildConfigurationList = ACBF582D27EB71AD006F021A /* Build configuration list for PBXProject "DadJokes" */;
			compatibilityVersion = "Xcode 13.0";
			developmentRegion = en;
			hasScannedForEncodings = 0;
			knownRegions = (
				en,
				Base,
			);
			mainGroup = ACBF582927EB71AD006F021A;
			packageReferences = (
				CF3F61492858C5DD00238772 /* XCRemoteSwiftPackageReference "Resolver" */,
			);
			productRefGroup = ACBF583327EB71AD006F021A /* Products */;
			projectDirPath = "";
			projectRoot = "";
			targets = (
				ACBF583127EB71AD006F021A /* DadJokes */,
				ACBF584127EB71AF006F021A /* DadJokesTests */,
			);
		};
/* End PBXProject section */

/* Begin PBXResourcesBuildPhase section */
		ACBF583027EB71AD006F021A /* Resources */ = {
			isa = PBXResourcesBuildPhase;
			buildActionMask = 2147483647;
			files = (
				ACBF583D27EB71AF006F021A /* Preview Assets.xcassets in Resources */,
				ACBF583A27EB71AF006F021A /* Assets.xcassets in Resources */,
			);
			runOnlyForDeploymentPostprocessing = 0;
		};
		ACBF584027EB71AF006F021A /* Resources */ = {
			isa = PBXResourcesBuildPhase;
			buildActionMask = 2147483647;
			files = (
			);
			runOnlyForDeploymentPostprocessing = 0;
		};
/* End PBXResourcesBuildPhase section */

/* Begin PBXSourcesBuildPhase section */
		ACBF582E27EB71AD006F021A /* Sources */ = {
			isa = PBXSourcesBuildPhase;
			buildActionMask = 2147483647;
			files = (
				CF30ECB9283FBA190036ABA0 /* DashboardView.swift in Sources */,
				CF3F61552858C9AB00238772 /* Favorites+Injection.swift in Sources */,
				CF3F614F2858C62500238772 /* App+Injection.swift in Sources */,
				CF3F61582858CA8B00238772 /* RandomJoke+Injection.swift in Sources */,
				CF30ECC3283FBFE50036ABA0 /* RandomJokeView.swift in Sources */,
				CF3F61522858C7F100238772 /* Dashboard+Injection.swift in Sources */,
				CF30ECC6283FCBBC0036ABA0 /* View+Extensions.swift in Sources */,
				CF210EF02845144000C1D35D /* FavoritesViewProvider.swift in Sources */,
				CF30ECE328410E540036ABA0 /* FavoritesResources.swift in Sources */,
				CF3F615D285B526D00238772 /* Common+Injection.swift in Sources */,
				CF3F615F285B66B000238772 /* Destination.swift in Sources */,
				CF30ECE728410F440036ABA0 /* RandomJokeResources.swift in Sources */,
				CF210EF22845147F00C1D35D /* RandomJokeViewProvider.swift in Sources */,
				CF30ECDF28410DE90036ABA0 /* DashboardResources.swift in Sources */,
				CF30ECBB283FBA290036ABA0 /* DashboardViewModel.swift in Sources */,
				CF3F61482858C30700238772 /* ViewModel.swift in Sources */,
				CF30ECE9284119740036ABA0 /* DashboardViewProvider.swift in Sources */,
				CF210EE828450FD000C1D35D /* AppViewProvider.swift in Sources */,
				CF30ECBF283FBFC00036ABA0 /* FavoritesView.swift in Sources */,
				CF210EEA284510CF00C1D35D /* ViewProvider.swift in Sources */,
				CF30ECCA2840E3460036ABA0 /* DashboardMenuListItem.swift in Sources */,
				ACBF583627EB71AD006F021A /* DadJokesApp.swift in Sources */,
			);
			runOnlyForDeploymentPostprocessing = 0;
		};
		ACBF583E27EB71AF006F021A /* Sources */ = {
			isa = PBXSourcesBuildPhase;
			buildActionMask = 2147483647;
			files = (
				ACBF584727EB71AF006F021A /* DadJokesTests.swift in Sources */,
			);
			runOnlyForDeploymentPostprocessing = 0;
		};
/* End PBXSourcesBuildPhase section */

/* Begin PBXTargetDependency section */
		ACBF584427EB71AF006F021A /* PBXTargetDependency */ = {
			isa = PBXTargetDependency;
			target = ACBF583127EB71AD006F021A /* DadJokes */;
			targetProxy = ACBF584327EB71AF006F021A /* PBXContainerItemProxy */;
		};
/* End PBXTargetDependency section */

/* Begin XCBuildConfiguration section */
		ACBF585427EB71AF006F021A /* Debug */ = {
			isa = XCBuildConfiguration;
			buildSettings = {
				ALWAYS_SEARCH_USER_PATHS = NO;
				CLANG_ANALYZER_NONNULL = YES;
				CLANG_ANALYZER_NUMBER_OBJECT_CONVERSION = YES_AGGRESSIVE;
				CLANG_CXX_LANGUAGE_STANDARD = "gnu++17";
				CLANG_CXX_LIBRARY = "libc++";
				CLANG_ENABLE_MODULES = YES;
				CLANG_ENABLE_OBJC_ARC = YES;
				CLANG_ENABLE_OBJC_WEAK = YES;
				CLANG_WARN_BLOCK_CAPTURE_AUTORELEASING = YES;
				CLANG_WARN_BOOL_CONVERSION = YES;
				CLANG_WARN_COMMA = YES;
				CLANG_WARN_CONSTANT_CONVERSION = YES;
				CLANG_WARN_DEPRECATED_OBJC_IMPLEMENTATIONS = YES;
				CLANG_WARN_DIRECT_OBJC_ISA_USAGE = YES_ERROR;
				CLANG_WARN_DOCUMENTATION_COMMENTS = YES;
				CLANG_WARN_EMPTY_BODY = YES;
				CLANG_WARN_ENUM_CONVERSION = YES;
				CLANG_WARN_INFINITE_RECURSION = YES;
				CLANG_WARN_INT_CONVERSION = YES;
				CLANG_WARN_NON_LITERAL_NULL_CONVERSION = YES;
				CLANG_WARN_OBJC_IMPLICIT_RETAIN_SELF = YES;
				CLANG_WARN_OBJC_LITERAL_CONVERSION = YES;
				CLANG_WARN_OBJC_ROOT_CLASS = YES_ERROR;
				CLANG_WARN_QUOTED_INCLUDE_IN_FRAMEWORK_HEADER = YES;
				CLANG_WARN_RANGE_LOOP_ANALYSIS = YES;
				CLANG_WARN_STRICT_PROTOTYPES = YES;
				CLANG_WARN_SUSPICIOUS_MOVE = YES;
				CLANG_WARN_UNGUARDED_AVAILABILITY = YES_AGGRESSIVE;
				CLANG_WARN_UNREACHABLE_CODE = YES;
				CLANG_WARN__DUPLICATE_METHOD_MATCH = YES;
				COPY_PHASE_STRIP = NO;
				DEBUG_INFORMATION_FORMAT = dwarf;
				ENABLE_STRICT_OBJC_MSGSEND = YES;
				ENABLE_TESTABILITY = YES;
				GCC_C_LANGUAGE_STANDARD = gnu11;
				GCC_DYNAMIC_NO_PIC = NO;
				GCC_NO_COMMON_BLOCKS = YES;
				GCC_OPTIMIZATION_LEVEL = 0;
				GCC_PREPROCESSOR_DEFINITIONS = (
					"DEBUG=1",
					"$(inherited)",
				);
				GCC_WARN_64_TO_32_BIT_CONVERSION = YES;
				GCC_WARN_ABOUT_RETURN_TYPE = YES_ERROR;
				GCC_WARN_UNDECLARED_SELECTOR = YES;
				GCC_WARN_UNINITIALIZED_AUTOS = YES_AGGRESSIVE;
				GCC_WARN_UNUSED_FUNCTION = YES;
				GCC_WARN_UNUSED_VARIABLE = YES;
				IPHONEOS_DEPLOYMENT_TARGET = 15.2;
				MTL_ENABLE_DEBUG_INFO = INCLUDE_SOURCE;
				MTL_FAST_MATH = YES;
				ONLY_ACTIVE_ARCH = YES;
				SDKROOT = iphoneos;
				SWIFT_ACTIVE_COMPILATION_CONDITIONS = DEBUG;
				SWIFT_OPTIMIZATION_LEVEL = "-Onone";
			};
			name = Debug;
		};
		ACBF585527EB71AF006F021A /* Release */ = {
			isa = XCBuildConfiguration;
			buildSettings = {
				ALWAYS_SEARCH_USER_PATHS = NO;
				CLANG_ANALYZER_NONNULL = YES;
				CLANG_ANALYZER_NUMBER_OBJECT_CONVERSION = YES_AGGRESSIVE;
				CLANG_CXX_LANGUAGE_STANDARD = "gnu++17";
				CLANG_CXX_LIBRARY = "libc++";
				CLANG_ENABLE_MODULES = YES;
				CLANG_ENABLE_OBJC_ARC = YES;
				CLANG_ENABLE_OBJC_WEAK = YES;
				CLANG_WARN_BLOCK_CAPTURE_AUTORELEASING = YES;
				CLANG_WARN_BOOL_CONVERSION = YES;
				CLANG_WARN_COMMA = YES;
				CLANG_WARN_CONSTANT_CONVERSION = YES;
				CLANG_WARN_DEPRECATED_OBJC_IMPLEMENTATIONS = YES;
				CLANG_WARN_DIRECT_OBJC_ISA_USAGE = YES_ERROR;
				CLANG_WARN_DOCUMENTATION_COMMENTS = YES;
				CLANG_WARN_EMPTY_BODY = YES;
				CLANG_WARN_ENUM_CONVERSION = YES;
				CLANG_WARN_INFINITE_RECURSION = YES;
				CLANG_WARN_INT_CONVERSION = YES;
				CLANG_WARN_NON_LITERAL_NULL_CONVERSION = YES;
				CLANG_WARN_OBJC_IMPLICIT_RETAIN_SELF = YES;
				CLANG_WARN_OBJC_LITERAL_CONVERSION = YES;
				CLANG_WARN_OBJC_ROOT_CLASS = YES_ERROR;
				CLANG_WARN_QUOTED_INCLUDE_IN_FRAMEWORK_HEADER = YES;
				CLANG_WARN_RANGE_LOOP_ANALYSIS = YES;
				CLANG_WARN_STRICT_PROTOTYPES = YES;
				CLANG_WARN_SUSPICIOUS_MOVE = YES;
				CLANG_WARN_UNGUARDED_AVAILABILITY = YES_AGGRESSIVE;
				CLANG_WARN_UNREACHABLE_CODE = YES;
				CLANG_WARN__DUPLICATE_METHOD_MATCH = YES;
				COPY_PHASE_STRIP = NO;
				DEBUG_INFORMATION_FORMAT = "dwarf-with-dsym";
				ENABLE_NS_ASSERTIONS = NO;
				ENABLE_STRICT_OBJC_MSGSEND = YES;
				GCC_C_LANGUAGE_STANDARD = gnu11;
				GCC_NO_COMMON_BLOCKS = YES;
				GCC_WARN_64_TO_32_BIT_CONVERSION = YES;
				GCC_WARN_ABOUT_RETURN_TYPE = YES_ERROR;
				GCC_WARN_UNDECLARED_SELECTOR = YES;
				GCC_WARN_UNINITIALIZED_AUTOS = YES_AGGRESSIVE;
				GCC_WARN_UNUSED_FUNCTION = YES;
				GCC_WARN_UNUSED_VARIABLE = YES;
				IPHONEOS_DEPLOYMENT_TARGET = 15.2;
				MTL_ENABLE_DEBUG_INFO = NO;
				MTL_FAST_MATH = YES;
				SDKROOT = iphoneos;
				SWIFT_COMPILATION_MODE = wholemodule;
				SWIFT_OPTIMIZATION_LEVEL = "-O";
				VALIDATE_PRODUCT = YES;
			};
			name = Release;
		};
		ACBF585727EB71AF006F021A /* Debug */ = {
			isa = XCBuildConfiguration;
			buildSettings = {
				ASSETCATALOG_COMPILER_APPICON_NAME = AppIcon;
				ASSETCATALOG_COMPILER_GLOBAL_ACCENT_COLOR_NAME = AccentColor;
				CODE_SIGN_STYLE = Automatic;
				CURRENT_PROJECT_VERSION = 1;
				DEVELOPMENT_ASSET_PATHS = "\"DadJokes/Preview Content\"";
				DEVELOPMENT_TEAM = 56M5PADWP6;
				ENABLE_PREVIEWS = YES;
				GENERATE_INFOPLIST_FILE = YES;
				INFOPLIST_KEY_UIApplicationSceneManifest_Generation = YES;
				INFOPLIST_KEY_UIApplicationSupportsIndirectInputEvents = YES;
				INFOPLIST_KEY_UILaunchScreen_Generation = YES;
				INFOPLIST_KEY_UISupportedInterfaceOrientations_iPad = "UIInterfaceOrientationPortrait UIInterfaceOrientationPortraitUpsideDown UIInterfaceOrientationLandscapeLeft UIInterfaceOrientationLandscapeRight";
				INFOPLIST_KEY_UISupportedInterfaceOrientations_iPhone = "UIInterfaceOrientationPortrait UIInterfaceOrientationLandscapeLeft UIInterfaceOrientationLandscapeRight";
				LD_RUNPATH_SEARCH_PATHS = (
					"$(inherited)",
					"@executable_path/Frameworks",
				);
				MARKETING_VERSION = 1.0;
				PRODUCT_BUNDLE_IDENTIFIER = hu.somalimbek.dadjokes;
				PRODUCT_NAME = DadJokes;
				SWIFT_EMIT_LOC_STRINGS = YES;
				SWIFT_VERSION = 5.0;
				TARGETED_DEVICE_FAMILY = "1,2";
			};
			name = Debug;
		};
		ACBF585827EB71AF006F021A /* Release */ = {
			isa = XCBuildConfiguration;
			buildSettings = {
				ASSETCATALOG_COMPILER_APPICON_NAME = AppIcon;
				ASSETCATALOG_COMPILER_GLOBAL_ACCENT_COLOR_NAME = AccentColor;
				CODE_SIGN_STYLE = Automatic;
				CURRENT_PROJECT_VERSION = 1;
				DEVELOPMENT_ASSET_PATHS = "\"DadJokes/Preview Content\"";
				DEVELOPMENT_TEAM = 56M5PADWP6;
				ENABLE_PREVIEWS = YES;
				GENERATE_INFOPLIST_FILE = YES;
				INFOPLIST_KEY_UIApplicationSceneManifest_Generation = YES;
				INFOPLIST_KEY_UIApplicationSupportsIndirectInputEvents = YES;
				INFOPLIST_KEY_UILaunchScreen_Generation = YES;
				INFOPLIST_KEY_UISupportedInterfaceOrientations_iPad = "UIInterfaceOrientationPortrait UIInterfaceOrientationPortraitUpsideDown UIInterfaceOrientationLandscapeLeft UIInterfaceOrientationLandscapeRight";
				INFOPLIST_KEY_UISupportedInterfaceOrientations_iPhone = "UIInterfaceOrientationPortrait UIInterfaceOrientationLandscapeLeft UIInterfaceOrientationLandscapeRight";
				LD_RUNPATH_SEARCH_PATHS = (
					"$(inherited)",
					"@executable_path/Frameworks",
				);
				MARKETING_VERSION = 1.0;
				PRODUCT_BUNDLE_IDENTIFIER = hu.somalimbek.dadjokes;
				PRODUCT_NAME = DadJokes;
				SWIFT_EMIT_LOC_STRINGS = YES;
				SWIFT_VERSION = 5.0;
				TARGETED_DEVICE_FAMILY = "1,2";
			};
			name = Release;
		};
		ACBF585A27EB71AF006F021A /* Debug */ = {
			isa = XCBuildConfiguration;
			buildSettings = {
				ALWAYS_EMBED_SWIFT_STANDARD_LIBRARIES = YES;
				BUNDLE_LOADER = "$(TEST_HOST)";
				CODE_SIGN_STYLE = Automatic;
				CURRENT_PROJECT_VERSION = 1;
				DEVELOPMENT_TEAM = 56M5PADWP6;
				GENERATE_INFOPLIST_FILE = YES;
				IPHONEOS_DEPLOYMENT_TARGET = 15.2;
				MARKETING_VERSION = 1.0;
				PRODUCT_BUNDLE_IDENTIFIER = hu.somalimbek.DadJokesTests;
				PRODUCT_NAME = "$(TARGET_NAME)";
				SWIFT_EMIT_LOC_STRINGS = NO;
				SWIFT_VERSION = 5.0;
				TARGETED_DEVICE_FAMILY = "1,2";
				TEST_HOST = "$(BUILT_PRODUCTS_DIR)/DadJokes.app/DadJokes";
			};
			name = Debug;
		};
		ACBF585B27EB71AF006F021A /* Release */ = {
			isa = XCBuildConfiguration;
			buildSettings = {
				ALWAYS_EMBED_SWIFT_STANDARD_LIBRARIES = YES;
				BUNDLE_LOADER = "$(TEST_HOST)";
				CODE_SIGN_STYLE = Automatic;
				CURRENT_PROJECT_VERSION = 1;
				DEVELOPMENT_TEAM = 56M5PADWP6;
				GENERATE_INFOPLIST_FILE = YES;
				IPHONEOS_DEPLOYMENT_TARGET = 15.2;
				MARKETING_VERSION = 1.0;
				PRODUCT_BUNDLE_IDENTIFIER = hu.somalimbek.DadJokesTests;
				PRODUCT_NAME = "$(TARGET_NAME)";
				SWIFT_EMIT_LOC_STRINGS = NO;
				SWIFT_VERSION = 5.0;
				TARGETED_DEVICE_FAMILY = "1,2";
				TEST_HOST = "$(BUILT_PRODUCTS_DIR)/DadJokes.app/DadJokes";
			};
			name = Release;
		};
/* End XCBuildConfiguration section */

/* Begin XCConfigurationList section */
		ACBF582D27EB71AD006F021A /* Build configuration list for PBXProject "DadJokes" */ = {
			isa = XCConfigurationList;
			buildConfigurations = (
				ACBF585427EB71AF006F021A /* Debug */,
				ACBF585527EB71AF006F021A /* Release */,
			);
			defaultConfigurationIsVisible = 0;
			defaultConfigurationName = Release;
		};
		ACBF585627EB71AF006F021A /* Build configuration list for PBXNativeTarget "DadJokes" */ = {
			isa = XCConfigurationList;
			buildConfigurations = (
				ACBF585727EB71AF006F021A /* Debug */,
				ACBF585827EB71AF006F021A /* Release */,
			);
			defaultConfigurationIsVisible = 0;
			defaultConfigurationName = Release;
		};
		ACBF585927EB71AF006F021A /* Build configuration list for PBXNativeTarget "DadJokesTests" */ = {
			isa = XCConfigurationList;
			buildConfigurations = (
				ACBF585A27EB71AF006F021A /* Debug */,
				ACBF585B27EB71AF006F021A /* Release */,
			);
			defaultConfigurationIsVisible = 0;
			defaultConfigurationName = Release;
		};
/* End XCConfigurationList section */

/* Begin XCRemoteSwiftPackageReference section */
		CF3F61492858C5DD00238772 /* XCRemoteSwiftPackageReference "Resolver" */ = {
			isa = XCRemoteSwiftPackageReference;
			repositoryURL = "https://github.com/hmlongco/Resolver";
			requirement = {
				kind = upToNextMinorVersion;
				minimumVersion = 1.5.0;
			};
		};
/* End XCRemoteSwiftPackageReference section */

/* Begin XCSwiftPackageProductDependency section */
		CF3F614A2858C5DD00238772 /* Resolver */ = {
			isa = XCSwiftPackageProductDependency;
			package = CF3F61492858C5DD00238772 /* XCRemoteSwiftPackageReference "Resolver" */;
			productName = Resolver;
		};
/* End XCSwiftPackageProductDependency section */
	};
	rootObject = ACBF582A27EB71AD006F021A /* Project object */;
}
